
Microsoft Visual Studio Solution File, Format Version 12.00
# Visual Studio Version 17
VisualStudioVersion = 17.0.32112.339
MinimumVisualStudioVersion = 10.0.40219.1
Project("{9A19103F-16F7-4668-BE54-9A1E7A4F7556}") = "01. Scheduling", "01. Scheduling\01. Scheduling.csproj", "{3DE25814-16A0-4D70-AFA3-8AFCE701D073}"
EndProject
Project("{9A19103F-16F7-4668-BE54-9A1E7A4F7556}") = "02. Garden", "02. Garden\02. Garden.csproj", "{635AF21E-E2D8-41B6-8827-2FFF173B5F25}"
EndProject
Project("{9A19103F-16F7-4668-BE54-9A1E7A4F7556}") = "ClassroomProject", "03. Classroom\ClassroomProject.csproj", "{B89EE198-C136-4C20-98DD-7038B2D13C85}"
EndProject
Global
	GlobalSection(SolutionConfigurationPlatforms) = preSolution
		Debug|Any CPU = Debug|Any CPU
		Release|Any CPU = Release|Any CPU
	EndGlobalSection
	GlobalSection(ProjectConfigurationPlatforms) = postSolution
		{3DE25814-16A0-4D70-AFA3-8AFCE701D073}.Debug|Any CPU.ActiveCfg = Debug|Any CPU
		{3DE25814-16A0-4D70-AFA3-8AFCE701D073}.Debug|Any CPU.Build.0 = Debug|Any CPU
		{3DE25814-16A0-4D70-AFA3-8AFCE701D073}.Release|Any CPU.ActiveCfg = Release|Any CPU
		{3DE25814-16A0-4D70-AFA3-8AFCE701D073}.Release|Any CPU.Build.0 = Release|Any CPU
		{635AF21E-E2D8-41B6-8827-2FFF173B5F25}.Debug|Any CPU.ActiveCfg = Debug|Any CPU
		{635AF21E-E2D8-41B6-8827-2FFF173B5F25}.Debug|Any CPU.Build.0 = Debug|Any CPU
		{635AF21E-E2D8-41B6-8827-2FFF173B5F25}.Release|Any CPU.ActiveCfg = Release|Any CPU
		{635AF21E-E2D8-41B6-8827-2FFF173B5F25}.Release|Any CPU.Build.0 = Release|Any CPU
		{B89EE198-C136-4C20-98DD-7038B2D13C85}.Debug|Any CPU.ActiveCfg = Debug|Any CPU
		{B89EE198-C136-4C20-98DD-7038B2D13C85}.Debug|Any CPU.Build.0 = Debug|Any CPU
		{B89EE198-C136-4C20-98DD-7038B2D13C85}.Release|Any CPU.ActiveCfg = Release|Any CPU
		{B89EE198-C136-4C20-98DD-7038B2D13C85}.Release|Any CPU.Build.0 = Release|Any CPU
	EndGlobalSection
	GlobalSection(SolutionProperties) = preSolution
		HideSolutionNode = FALSE
	EndGlobalSection
	GlobalSection(ExtensibilityGlobals) = postSolution
		SolutionGuid = {D9EC8857-56C4-4324-ABF3-1A7076CD1BB6}
	EndGlobalSection
EndGlobal
