
Microsoft Visual Studio Solution File, Format Version 12.00
# Visual Studio Version 17
VisualStudioVersion = 17.0.32112.339
MinimumVisualStudioVersion = 10.0.40219.1
Project("{9A19103F-16F7-4668-BE54-9A1E7A4F7556}") = "L01.Shapes", "L01.Shapes\L01.Shapes.csproj", "{9AC294B8-E9C9-478C-998C-021689ADE745}"
EndProject
Project("{FAE04EC0-301F-11D3-BF4B-00C04F79EFBC}") = "L02.Cars", "Cars\L02.Cars.csproj", "{EB7DA7E7-7E0D-4257-8B73-5698485802CB}"
EndProject
Global
	GlobalSection(SolutionConfigurationPlatforms) = preSolution
		Debug|Any CPU = Debug|Any CPU
		Release|Any CPU = Release|Any CPU
	EndGlobalSection
	GlobalSection(ProjectConfigurationPlatforms) = postSolution
		{9AC294B8-E9C9-478C-998C-021689ADE745}.Debug|Any CPU.ActiveCfg = Debug|Any CPU
		{9AC294B8-E9C9-478C-998C-021689ADE745}.Debug|Any CPU.Build.0 = Debug|Any CPU
		{9AC294B8-E9C9-478C-998C-021689ADE745}.Release|Any CPU.ActiveCfg = Release|Any CPU
		{9AC294B8-E9C9-478C-998C-021689ADE745}.Release|Any CPU.Build.0 = Release|Any CPU
		{EB7DA7E7-7E0D-4257-8B73-5698485802CB}.Debug|Any CPU.ActiveCfg = Debug|Any CPU
		{EB7DA7E7-7E0D-4257-8B73-5698485802CB}.Debug|Any CPU.Build.0 = Debug|Any CPU
		{EB7DA7E7-7E0D-4257-8B73-5698485802CB}.Release|Any CPU.ActiveCfg = Release|Any CPU
		{EB7DA7E7-7E0D-4257-8B73-5698485802CB}.Release|Any CPU.Build.0 = Release|Any CPU
	EndGlobalSection
	GlobalSection(SolutionProperties) = preSolution
		HideSolutionNode = FALSE
	EndGlobalSection
	GlobalSection(ExtensibilityGlobals) = postSolution
		SolutionGuid = {88EFE0B3-26E9-4E5B-BDD0-4FE65BAA47A4}
	EndGlobalSection
EndGlobal
