
Microsoft Visual Studio Solution File, Format Version 12.00
# Visual Studio Version 17
VisualStudioVersion = 17.0.32112.339
MinimumVisualStudioVersion = 10.0.40219.1
Project("{9A19103F-16F7-4668-BE54-9A1E7A4F7556}") = "CustomList Class", "CustomList Class\CustomList Class.csproj", "{DEDE41CB-F915-4CF6-8F42-0030F7AD3113}"
EndProject
Project("{9A19103F-16F7-4668-BE54-9A1E7A4F7556}") = "CustomStack Class", "CustomStack Class\CustomStack Class.csproj", "{E54807BE-553B-4A43-BB77-9C9B2B8F8D4B}"
EndProject
Project("{FAE04EC0-301F-11D3-BF4B-00C04F79EFBC}") = "CustomQueue Class", "CustomQueue Class\CustomQueue Class.csproj", "{C2AC7AB6-9EA2-4715-981A-5C9F9C3D9AE5}"
EndProject
Global
	GlobalSection(SolutionConfigurationPlatforms) = preSolution
		Debug|Any CPU = Debug|Any CPU
		Release|Any CPU = Release|Any CPU
	EndGlobalSection
	GlobalSection(ProjectConfigurationPlatforms) = postSolution
		{DEDE41CB-F915-4CF6-8F42-0030F7AD3113}.Debug|Any CPU.ActiveCfg = Debug|Any CPU
		{DEDE41CB-F915-4CF6-8F42-0030F7AD3113}.Debug|Any CPU.Build.0 = Debug|Any CPU
		{DEDE41CB-F915-4CF6-8F42-0030F7AD3113}.Release|Any CPU.ActiveCfg = Release|Any CPU
		{DEDE41CB-F915-4CF6-8F42-0030F7AD3113}.Release|Any CPU.Build.0 = Release|Any CPU
		{E54807BE-553B-4A43-BB77-9C9B2B8F8D4B}.Debug|Any CPU.ActiveCfg = Debug|Any CPU
		{E54807BE-553B-4A43-BB77-9C9B2B8F8D4B}.Debug|Any CPU.Build.0 = Debug|Any CPU
		{E54807BE-553B-4A43-BB77-9C9B2B8F8D4B}.Release|Any CPU.ActiveCfg = Release|Any CPU
		{E54807BE-553B-4A43-BB77-9C9B2B8F8D4B}.Release|Any CPU.Build.0 = Release|Any CPU
		{C2AC7AB6-9EA2-4715-981A-5C9F9C3D9AE5}.Debug|Any CPU.ActiveCfg = Debug|Any CPU
		{C2AC7AB6-9EA2-4715-981A-5C9F9C3D9AE5}.Debug|Any CPU.Build.0 = Debug|Any CPU
		{C2AC7AB6-9EA2-4715-981A-5C9F9C3D9AE5}.Release|Any CPU.ActiveCfg = Release|Any CPU
		{C2AC7AB6-9EA2-4715-981A-5C9F9C3D9AE5}.Release|Any CPU.Build.0 = Release|Any CPU
	EndGlobalSection
	GlobalSection(SolutionProperties) = preSolution
		HideSolutionNode = FALSE
	EndGlobalSection
	GlobalSection(ExtensibilityGlobals) = postSolution
		SolutionGuid = {8EB31E1D-E1A7-42C7-9C3D-27429D5B761D}
	EndGlobalSection
EndGlobal
