
Microsoft Visual Studio Solution File, Format Version 12.00
# Visual Studio Version 17
VisualStudioVersion = 17.0.32112.339
MinimumVisualStudioVersion = 10.0.40219.1
Project("{FAE04EC0-301F-11D3-BF4B-00C04F79EFBC}") = "AL01. Sum Matrix Elements", "AL01. Sum Matrix Elements\AL01. Sum Matrix Elements.csproj", "{192FAF42-8C49-410E-88A5-508E67348559}"
EndProject
Project("{FAE04EC0-301F-11D3-BF4B-00C04F79EFBC}") = "AL02. Sum Matrix Columns", "AL02. Sum Matrix Columns\AL02. Sum Matrix Columns.csproj", "{C858A7F6-FAE7-448B-8227-E42DC057F650}"
EndProject
Project("{FAE04EC0-301F-11D3-BF4B-00C04F79EFBC}") = "AL03. Primary Diagonal", "AL03. Primary Diagonal\AL03. Primary Diagonal.csproj", "{9CF2FD82-28A7-4935-931D-8C597F01EEB3}"
EndProject
Project("{FAE04EC0-301F-11D3-BF4B-00C04F79EFBC}") = "AL04. Symbol in Matrix", "AL04. Symbol in Matrix\AL04. Symbol in Matrix.csproj", "{D21EAC72-94A8-4B17-A95D-687FFAD9D9F8}"
EndProject
Project("{FAE04EC0-301F-11D3-BF4B-00C04F79EFBC}") = "AL05. Square With Maximum Sum", "AL05. Square With Maximum Sum\AL05. Square With Maximum Sum.csproj", "{BE37F287-A8BF-48B6-A162-F6249E399F55}"
EndProject
Project("{FAE04EC0-301F-11D3-BF4B-00C04F79EFBC}") = "AL06. Jagged-Array Modification", "AL06. Jagged-Array Modification\AL06. Jagged-Array Modification.csproj", "{C3D52851-84B0-4EC8-8706-14AD1532E6C0}"
EndProject
Project("{FAE04EC0-301F-11D3-BF4B-00C04F79EFBC}") = "AL07. Group Numbers", "AL07. Group Numbers\AL07. Group Numbers.csproj", "{AA45452E-DEC0-4758-B555-D0D81DA7964F}"
EndProject
Project("{FAE04EC0-301F-11D3-BF4B-00C04F79EFBC}") = "AL08. Pascal Triangle", "AL08. Pascal Triangle\AL08. Pascal Triangle.csproj", "{A881E29C-1DB0-47DB-BB14-E583E2E2B652}"
EndProject
Global
	GlobalSection(SolutionConfigurationPlatforms) = preSolution
		Debug|Any CPU = Debug|Any CPU
		Release|Any CPU = Release|Any CPU
	EndGlobalSection
	GlobalSection(ProjectConfigurationPlatforms) = postSolution
		{192FAF42-8C49-410E-88A5-508E67348559}.Debug|Any CPU.ActiveCfg = Debug|Any CPU
		{192FAF42-8C49-410E-88A5-508E67348559}.Debug|Any CPU.Build.0 = Debug|Any CPU
		{192FAF42-8C49-410E-88A5-508E67348559}.Release|Any CPU.ActiveCfg = Release|Any CPU
		{192FAF42-8C49-410E-88A5-508E67348559}.Release|Any CPU.Build.0 = Release|Any CPU
		{C858A7F6-FAE7-448B-8227-E42DC057F650}.Debug|Any CPU.ActiveCfg = Debug|Any CPU
		{C858A7F6-FAE7-448B-8227-E42DC057F650}.Debug|Any CPU.Build.0 = Debug|Any CPU
		{C858A7F6-FAE7-448B-8227-E42DC057F650}.Release|Any CPU.ActiveCfg = Release|Any CPU
		{C858A7F6-FAE7-448B-8227-E42DC057F650}.Release|Any CPU.Build.0 = Release|Any CPU
		{9CF2FD82-28A7-4935-931D-8C597F01EEB3}.Debug|Any CPU.ActiveCfg = Debug|Any CPU
		{9CF2FD82-28A7-4935-931D-8C597F01EEB3}.Debug|Any CPU.Build.0 = Debug|Any CPU
		{9CF2FD82-28A7-4935-931D-8C597F01EEB3}.Release|Any CPU.ActiveCfg = Release|Any CPU
		{9CF2FD82-28A7-4935-931D-8C597F01EEB3}.Release|Any CPU.Build.0 = Release|Any CPU
		{D21EAC72-94A8-4B17-A95D-687FFAD9D9F8}.Debug|Any CPU.ActiveCfg = Debug|Any CPU
		{D21EAC72-94A8-4B17-A95D-687FFAD9D9F8}.Debug|Any CPU.Build.0 = Debug|Any CPU
		{D21EAC72-94A8-4B17-A95D-687FFAD9D9F8}.Release|Any CPU.ActiveCfg = Release|Any CPU
		{D21EAC72-94A8-4B17-A95D-687FFAD9D9F8}.Release|Any CPU.Build.0 = Release|Any CPU
		{BE37F287-A8BF-48B6-A162-F6249E399F55}.Debug|Any CPU.ActiveCfg = Debug|Any CPU
		{BE37F287-A8BF-48B6-A162-F6249E399F55}.Debug|Any CPU.Build.0 = Debug|Any CPU
		{BE37F287-A8BF-48B6-A162-F6249E399F55}.Release|Any CPU.ActiveCfg = Release|Any CPU
		{BE37F287-A8BF-48B6-A162-F6249E399F55}.Release|Any CPU.Build.0 = Release|Any CPU
		{C3D52851-84B0-4EC8-8706-14AD1532E6C0}.Debug|Any CPU.ActiveCfg = Debug|Any CPU
		{C3D52851-84B0-4EC8-8706-14AD1532E6C0}.Debug|Any CPU.Build.0 = Debug|Any CPU
		{C3D52851-84B0-4EC8-8706-14AD1532E6C0}.Release|Any CPU.ActiveCfg = Release|Any CPU
		{C3D52851-84B0-4EC8-8706-14AD1532E6C0}.Release|Any CPU.Build.0 = Release|Any CPU
		{AA45452E-DEC0-4758-B555-D0D81DA7964F}.Debug|Any CPU.ActiveCfg = Debug|Any CPU
		{AA45452E-DEC0-4758-B555-D0D81DA7964F}.Debug|Any CPU.Build.0 = Debug|Any CPU
		{AA45452E-DEC0-4758-B555-D0D81DA7964F}.Release|Any CPU.ActiveCfg = Release|Any CPU
		{AA45452E-DEC0-4758-B555-D0D81DA7964F}.Release|Any CPU.Build.0 = Release|Any CPU
		{A881E29C-1DB0-47DB-BB14-E583E2E2B652}.Debug|Any CPU.ActiveCfg = Debug|Any CPU
		{A881E29C-1DB0-47DB-BB14-E583E2E2B652}.Debug|Any CPU.Build.0 = Debug|Any CPU
		{A881E29C-1DB0-47DB-BB14-E583E2E2B652}.Release|Any CPU.ActiveCfg = Release|Any CPU
		{A881E29C-1DB0-47DB-BB14-E583E2E2B652}.Release|Any CPU.Build.0 = Release|Any CPU
	EndGlobalSection
	GlobalSection(SolutionProperties) = preSolution
		HideSolutionNode = FALSE
	EndGlobalSection
	GlobalSection(ExtensibilityGlobals) = postSolution
		SolutionGuid = {F52EF2FD-9ABB-4745-883E-F6E0A8C01D27}
	EndGlobalSection
EndGlobal
