
Microsoft Visual Studio Solution File, Format Version 12.00
# Visual Studio Version 17
VisualStudioVersion = 17.0.32112.339
MinimumVisualStudioVersion = 10.0.40219.1
Project("{FAE04EC0-301F-11D3-BF4B-00C04F79EFBC}") = "Gym", "Gym\Gym.csproj", "{C247BB8E-3BAB-4AFF-904E-35B545644466}"
EndProject
Global
	GlobalSection(SolutionConfigurationPlatforms) = preSolution
		Debug|Any CPU = Debug|Any CPU
		Release|Any CPU = Release|Any CPU
	EndGlobalSection
	GlobalSection(ProjectConfigurationPlatforms) = postSolution
		{C247BB8E-3BAB-4AFF-904E-35B545644466}.Debug|Any CPU.ActiveCfg = Debug|Any CPU
		{C247BB8E-3BAB-4AFF-904E-35B545644466}.Debug|Any CPU.Build.0 = Debug|Any CPU
		{C247BB8E-3BAB-4AFF-904E-35B545644466}.Release|Any CPU.ActiveCfg = Release|Any CPU
		{C247BB8E-3BAB-4AFF-904E-35B545644466}.Release|Any CPU.Build.0 = Release|Any CPU
	EndGlobalSection
	GlobalSection(SolutionProperties) = preSolution
		HideSolutionNode = FALSE
	EndGlobalSection
	GlobalSection(ExtensibilityGlobals) = postSolution
		SolutionGuid = {FEDAA65C-D2A0-4A82-88EA-81D36E0A2A8B}
	EndGlobalSection
EndGlobal
