
Microsoft Visual Studio Solution File, Format Version 12.00
# Visual Studio Version 17
VisualStudioVersion = 17.0.32112.339
MinimumVisualStudioVersion = 10.0.40219.1
Project("{9A19103F-16F7-4668-BE54-9A1E7A4F7556}") = "E01. Diagonal Difference", "E01. Diagonal Difference\E01. Diagonal Difference.csproj", "{219ADB0A-E58E-48E7-8598-BB17F12F38EF}"
EndProject
Project("{9A19103F-16F7-4668-BE54-9A1E7A4F7556}") = "E02. Squares in Matrix", "E02. Squares in Matrix\E02. Squares in Matrix.csproj", "{21F22DC4-AC21-43C7-BE5D-3071F20AE25F}"
EndProject
Project("{9A19103F-16F7-4668-BE54-9A1E7A4F7556}") = "E03. Maximal Sum", "E03. Maximal Sum\E03. Maximal Sum.csproj", "{E81BE4D5-0C11-4D3C-A62A-E24CD46CDA38}"
EndProject
Project("{FAE04EC0-301F-11D3-BF4B-00C04F79EFBC}") = "E04.Matrix Shuffling", "ConsoleApp1\E04.Matrix Shuffling.csproj", "{6B099C1C-BBDF-4790-BB16-394A99A0538C}"
EndProject
Project("{FAE04EC0-301F-11D3-BF4B-00C04F79EFBC}") = "E05. Snake moves", "E05. Sn\E05. Snake moves.csproj", "{248AE7F6-912E-41F3-A9F4-D49FD3B16F32}"
EndProject
Global
	GlobalSection(SolutionConfigurationPlatforms) = preSolution
		Debug|Any CPU = Debug|Any CPU
		Release|Any CPU = Release|Any CPU
	EndGlobalSection
	GlobalSection(ProjectConfigurationPlatforms) = postSolution
		{219ADB0A-E58E-48E7-8598-BB17F12F38EF}.Debug|Any CPU.ActiveCfg = Debug|Any CPU
		{219ADB0A-E58E-48E7-8598-BB17F12F38EF}.Debug|Any CPU.Build.0 = Debug|Any CPU
		{219ADB0A-E58E-48E7-8598-BB17F12F38EF}.Release|Any CPU.ActiveCfg = Release|Any CPU
		{219ADB0A-E58E-48E7-8598-BB17F12F38EF}.Release|Any CPU.Build.0 = Release|Any CPU
		{21F22DC4-AC21-43C7-BE5D-3071F20AE25F}.Debug|Any CPU.ActiveCfg = Debug|Any CPU
		{21F22DC4-AC21-43C7-BE5D-3071F20AE25F}.Debug|Any CPU.Build.0 = Debug|Any CPU
		{21F22DC4-AC21-43C7-BE5D-3071F20AE25F}.Release|Any CPU.ActiveCfg = Release|Any CPU
		{21F22DC4-AC21-43C7-BE5D-3071F20AE25F}.Release|Any CPU.Build.0 = Release|Any CPU
		{E81BE4D5-0C11-4D3C-A62A-E24CD46CDA38}.Debug|Any CPU.ActiveCfg = Debug|Any CPU
		{E81BE4D5-0C11-4D3C-A62A-E24CD46CDA38}.Debug|Any CPU.Build.0 = Debug|Any CPU
		{E81BE4D5-0C11-4D3C-A62A-E24CD46CDA38}.Release|Any CPU.ActiveCfg = Release|Any CPU
		{E81BE4D5-0C11-4D3C-A62A-E24CD46CDA38}.Release|Any CPU.Build.0 = Release|Any CPU
		{6B099C1C-BBDF-4790-BB16-394A99A0538C}.Debug|Any CPU.ActiveCfg = Debug|Any CPU
		{6B099C1C-BBDF-4790-BB16-394A99A0538C}.Debug|Any CPU.Build.0 = Debug|Any CPU
		{6B099C1C-BBDF-4790-BB16-394A99A0538C}.Release|Any CPU.ActiveCfg = Release|Any CPU
		{6B099C1C-BBDF-4790-BB16-394A99A0538C}.Release|Any CPU.Build.0 = Release|Any CPU
		{248AE7F6-912E-41F3-A9F4-D49FD3B16F32}.Debug|Any CPU.ActiveCfg = Debug|Any CPU
		{248AE7F6-912E-41F3-A9F4-D49FD3B16F32}.Debug|Any CPU.Build.0 = Debug|Any CPU
		{248AE7F6-912E-41F3-A9F4-D49FD3B16F32}.Release|Any CPU.ActiveCfg = Release|Any CPU
		{248AE7F6-912E-41F3-A9F4-D49FD3B16F32}.Release|Any CPU.Build.0 = Release|Any CPU
	EndGlobalSection
	GlobalSection(SolutionProperties) = preSolution
		HideSolutionNode = FALSE
	EndGlobalSection
	GlobalSection(ExtensibilityGlobals) = postSolution
		SolutionGuid = {E21F9BC0-A183-4555-A038-7653BB5A54A7}
	EndGlobalSection
EndGlobal
