
Microsoft Visual Studio Solution File, Format Version 12.00
# Visual Studio Version 17
VisualStudioVersion = 17.0.32112.339
MinimumVisualStudioVersion = 10.0.40219.1
Project("{FAE04EC0-301F-11D3-BF4B-00C04F79EFBC}") = "Ex.01. Meal Plan", "Ex.01. Meal Plan\Ex.01. Meal Plan.csproj", "{08DA4C35-0DB0-4D73-92E4-252A49EDFEC8}"
EndProject
Project("{FAE04EC0-301F-11D3-BF4B-00C04F79EFBC}") = "Ex.02. Truffle Hunter", "Ex.02. Truffle Hunter\Ex.02. Truffle Hunter.csproj", "{E2909472-4DAF-4804-A7F2-6E55A4B3223F}"
EndProject
Project("{FAE04EC0-301F-11D3-BF4B-00C04F79EFBC}") = "Ex.03.Zoo", "Ex.03.Zoo\Ex.03.Zoo.csproj", "{DA8BCAFF-6A9F-428D-95A5-0660B05C5281}"
EndProject
Global
	GlobalSection(SolutionConfigurationPlatforms) = preSolution
		Debug|Any CPU = Debug|Any CPU
		Release|Any CPU = Release|Any CPU
	EndGlobalSection
	GlobalSection(ProjectConfigurationPlatforms) = postSolution
		{08DA4C35-0DB0-4D73-92E4-252A49EDFEC8}.Debug|Any CPU.ActiveCfg = Debug|Any CPU
		{08DA4C35-0DB0-4D73-92E4-252A49EDFEC8}.Debug|Any CPU.Build.0 = Debug|Any CPU
		{08DA4C35-0DB0-4D73-92E4-252A49EDFEC8}.Release|Any CPU.ActiveCfg = Release|Any CPU
		{08DA4C35-0DB0-4D73-92E4-252A49EDFEC8}.Release|Any CPU.Build.0 = Release|Any CPU
		{E2909472-4DAF-4804-A7F2-6E55A4B3223F}.Debug|Any CPU.ActiveCfg = Debug|Any CPU
		{E2909472-4DAF-4804-A7F2-6E55A4B3223F}.Debug|Any CPU.Build.0 = Debug|Any CPU
		{E2909472-4DAF-4804-A7F2-6E55A4B3223F}.Release|Any CPU.ActiveCfg = Release|Any CPU
		{E2909472-4DAF-4804-A7F2-6E55A4B3223F}.Release|Any CPU.Build.0 = Release|Any CPU
		{DA8BCAFF-6A9F-428D-95A5-0660B05C5281}.Debug|Any CPU.ActiveCfg = Debug|Any CPU
		{DA8BCAFF-6A9F-428D-95A5-0660B05C5281}.Debug|Any CPU.Build.0 = Debug|Any CPU
		{DA8BCAFF-6A9F-428D-95A5-0660B05C5281}.Release|Any CPU.ActiveCfg = Release|Any CPU
		{DA8BCAFF-6A9F-428D-95A5-0660B05C5281}.Release|Any CPU.Build.0 = Release|Any CPU
	EndGlobalSection
	GlobalSection(SolutionProperties) = preSolution
		HideSolutionNode = FALSE
	EndGlobalSection
	GlobalSection(ExtensibilityGlobals) = postSolution
		SolutionGuid = {F064D900-E771-4A83-B887-E65BC1C0DDB7}
	EndGlobalSection
EndGlobal
