
Microsoft Visual Studio Solution File, Format Version 12.00
# Visual Studio Version 17
VisualStudioVersion = 17.0.32112.339
MinimumVisualStudioVersion = 10.0.40219.1
Project("{9A19103F-16F7-4668-BE54-9A1E7A4F7556}") = "L01.SingleInheritance", "L01.Single Inheritance\L01.SingleInheritance.csproj", "{212FECE2-47B4-4A3F-A534-0FD643ECEB5D}"
EndProject
Project("{9A19103F-16F7-4668-BE54-9A1E7A4F7556}") = "L02. Multiple Inheritance", "L02. Multiple Inheritance\L02. Multiple Inheritance.csproj", "{16F0B7D0-FF8C-4A78-A99B-36B3752C9B10}"
EndProject
Project("{9A19103F-16F7-4668-BE54-9A1E7A4F7556}") = "L03. Hierarchical Inheritance", "L03. Hierarchical Inheritance\L03. Hierarchical Inheritance.csproj", "{33FA26CD-582A-4748-86FA-0DE43EB0DB6D}"
EndProject
Project("{FAE04EC0-301F-11D3-BF4B-00C04F79EFBC}") = "CustomRandomList", "L04. Random List\CustomRandomList.csproj", "{415D5B5F-7E9B-434C-BCE3-2C56B9820513}"
EndProject
Project("{FAE04EC0-301F-11D3-BF4B-00C04F79EFBC}") = "L05. Stack of Strings", "L05. Stack of Strings\L05. Stack of Strings.csproj", "{0157DF53-B54B-4640-8520-BF137AB04395}"
EndProject
Global
	GlobalSection(SolutionConfigurationPlatforms) = preSolution
		Debug|Any CPU = Debug|Any CPU
		Release|Any CPU = Release|Any CPU
	EndGlobalSection
	GlobalSection(ProjectConfigurationPlatforms) = postSolution
		{212FECE2-47B4-4A3F-A534-0FD643ECEB5D}.Debug|Any CPU.ActiveCfg = Debug|Any CPU
		{212FECE2-47B4-4A3F-A534-0FD643ECEB5D}.Debug|Any CPU.Build.0 = Debug|Any CPU
		{212FECE2-47B4-4A3F-A534-0FD643ECEB5D}.Release|Any CPU.ActiveCfg = Release|Any CPU
		{212FECE2-47B4-4A3F-A534-0FD643ECEB5D}.Release|Any CPU.Build.0 = Release|Any CPU
		{16F0B7D0-FF8C-4A78-A99B-36B3752C9B10}.Debug|Any CPU.ActiveCfg = Debug|Any CPU
		{16F0B7D0-FF8C-4A78-A99B-36B3752C9B10}.Debug|Any CPU.Build.0 = Debug|Any CPU
		{16F0B7D0-FF8C-4A78-A99B-36B3752C9B10}.Release|Any CPU.ActiveCfg = Release|Any CPU
		{16F0B7D0-FF8C-4A78-A99B-36B3752C9B10}.Release|Any CPU.Build.0 = Release|Any CPU
		{33FA26CD-582A-4748-86FA-0DE43EB0DB6D}.Debug|Any CPU.ActiveCfg = Debug|Any CPU
		{33FA26CD-582A-4748-86FA-0DE43EB0DB6D}.Debug|Any CPU.Build.0 = Debug|Any CPU
		{33FA26CD-582A-4748-86FA-0DE43EB0DB6D}.Release|Any CPU.ActiveCfg = Release|Any CPU
		{33FA26CD-582A-4748-86FA-0DE43EB0DB6D}.Release|Any CPU.Build.0 = Release|Any CPU
		{415D5B5F-7E9B-434C-BCE3-2C56B9820513}.Debug|Any CPU.ActiveCfg = Debug|Any CPU
		{415D5B5F-7E9B-434C-BCE3-2C56B9820513}.Debug|Any CPU.Build.0 = Debug|Any CPU
		{415D5B5F-7E9B-434C-BCE3-2C56B9820513}.Release|Any CPU.ActiveCfg = Release|Any CPU
		{415D5B5F-7E9B-434C-BCE3-2C56B9820513}.Release|Any CPU.Build.0 = Release|Any CPU
		{0157DF53-B54B-4640-8520-BF137AB04395}.Debug|Any CPU.ActiveCfg = Debug|Any CPU
		{0157DF53-B54B-4640-8520-BF137AB04395}.Debug|Any CPU.Build.0 = Debug|Any CPU
		{0157DF53-B54B-4640-8520-BF137AB04395}.Release|Any CPU.ActiveCfg = Release|Any CPU
		{0157DF53-B54B-4640-8520-BF137AB04395}.Release|Any CPU.Build.0 = Release|Any CPU
	EndGlobalSection
	GlobalSection(SolutionProperties) = preSolution
		HideSolutionNode = FALSE
	EndGlobalSection
	GlobalSection(ExtensibilityGlobals) = postSolution
		SolutionGuid = {60CED67E-6117-4205-A087-E11E493A5C5A}
	EndGlobalSection
EndGlobal
