
Microsoft Visual Studio Solution File, Format Version 12.00
# Visual Studio Version 17
VisualStudioVersion = 17.6.33723.286
MinimumVisualStudioVersion = 10.0.40219.1
Project("{FAE04EC0-301F-11D3-BF4B-00C04F79EFBC}") = "TextSplitterApp", "TextSplitterApp.csproj", "{8A70A70D-67B3-4095-AAB2-9B9FDF2D87CE}"
EndProject
Global
	GlobalSection(SolutionConfigurationPlatforms) = preSolution
		Debug|Any CPU = Debug|Any CPU
		Release|Any CPU = Release|Any CPU
	EndGlobalSection
	GlobalSection(ProjectConfigurationPlatforms) = postSolution
		{8A70A70D-67B3-4095-AAB2-9B9FDF2D87CE}.Debug|Any CPU.ActiveCfg = Debug|Any CPU
		{8A70A70D-67B3-4095-AAB2-9B9FDF2D87CE}.Debug|Any CPU.Build.0 = Debug|Any CPU
		{8A70A70D-67B3-4095-AAB2-9B9FDF2D87CE}.Release|Any CPU.ActiveCfg = Release|Any CPU
		{8A70A70D-67B3-4095-AAB2-9B9FDF2D87CE}.Release|Any CPU.Build.0 = Release|Any CPU
	EndGlobalSection
	GlobalSection(SolutionProperties) = preSolution
		HideSolutionNode = FALSE
	EndGlobalSection
	GlobalSection(ExtensibilityGlobals) = postSolution
		SolutionGuid = {5924C71B-D2F8-45CC-A56C-A6E107F7FE8D}
	EndGlobalSection
EndGlobal
