
Microsoft Visual Studio Solution File, Format Version 12.00
# Visual Studio Version 17
VisualStudioVersion = 17.0.32112.339
MinimumVisualStudioVersion = 10.0.40219.1
Project("{FAE04EC0-301F-11D3-BF4B-00C04F79EFBC}") = "01. Binary Search", "01. Binary Search\01. Binary Search.csproj", "{62457EEA-59BD-4594-B1BB-285FA8F57AA5}"
EndProject
Project("{FAE04EC0-301F-11D3-BF4B-00C04F79EFBC}") = "02. Selection Sort", "02. Selection Sort\02. Selection Sort.csproj", "{BF89598F-2F90-4DCE-B7F2-F653B479A0DB}"
EndProject
Project("{FAE04EC0-301F-11D3-BF4B-00C04F79EFBC}") = "03. Bubble Sort", "03. Bubble Sort\03. Bubble Sort.csproj", "{DB4810DD-8924-4C83-A65F-2896A24AABCD}"
EndProject
Project("{FAE04EC0-301F-11D3-BF4B-00C04F79EFBC}") = "04. Insertion Sort", "04. Insertion Sort\04. Insertion Sort.csproj", "{90988D84-1643-4C88-8ECE-BDE7D0341917}"
EndProject
Project("{FAE04EC0-301F-11D3-BF4B-00C04F79EFBC}") = "05. Quicksort", "05. Quicksort\05. Quicksort.csproj", "{1DA0B394-CC55-458F-929D-84C4645BD1A5}"
EndProject
Project("{FAE04EC0-301F-11D3-BF4B-00C04F79EFBC}") = "06. Merge Sort", "06. Merge Sort\06. Merge Sort.csproj", "{5A97FD71-87FC-4A4F-96AD-D63DBE0E072D}"
EndProject
Project("{FAE04EC0-301F-11D3-BF4B-00C04F79EFBC}") = "07. Sum of Coins", "07. Sum of Coins\07. Sum of Coins.csproj", "{3C683658-83FA-4D6A-AB57-68F367A3AE5D}"
EndProject
Project("{FAE04EC0-301F-11D3-BF4B-00C04F79EFBC}") = "08. Set Cover", "08. Set Cover\08. Set Cover.csproj", "{EB7288FA-F480-41BD-8FB8-A74D8B9BF687}"
EndProject
Global
	GlobalSection(SolutionConfigurationPlatforms) = preSolution
		Debug|Any CPU = Debug|Any CPU
		Release|Any CPU = Release|Any CPU
	EndGlobalSection
	GlobalSection(ProjectConfigurationPlatforms) = postSolution
		{62457EEA-59BD-4594-B1BB-285FA8F57AA5}.Debug|Any CPU.ActiveCfg = Debug|Any CPU
		{62457EEA-59BD-4594-B1BB-285FA8F57AA5}.Debug|Any CPU.Build.0 = Debug|Any CPU
		{62457EEA-59BD-4594-B1BB-285FA8F57AA5}.Release|Any CPU.ActiveCfg = Release|Any CPU
		{62457EEA-59BD-4594-B1BB-285FA8F57AA5}.Release|Any CPU.Build.0 = Release|Any CPU
		{BF89598F-2F90-4DCE-B7F2-F653B479A0DB}.Debug|Any CPU.ActiveCfg = Debug|Any CPU
		{BF89598F-2F90-4DCE-B7F2-F653B479A0DB}.Debug|Any CPU.Build.0 = Debug|Any CPU
		{BF89598F-2F90-4DCE-B7F2-F653B479A0DB}.Release|Any CPU.ActiveCfg = Release|Any CPU
		{BF89598F-2F90-4DCE-B7F2-F653B479A0DB}.Release|Any CPU.Build.0 = Release|Any CPU
		{DB4810DD-8924-4C83-A65F-2896A24AABCD}.Debug|Any CPU.ActiveCfg = Debug|Any CPU
		{DB4810DD-8924-4C83-A65F-2896A24AABCD}.Debug|Any CPU.Build.0 = Debug|Any CPU
		{DB4810DD-8924-4C83-A65F-2896A24AABCD}.Release|Any CPU.ActiveCfg = Release|Any CPU
		{DB4810DD-8924-4C83-A65F-2896A24AABCD}.Release|Any CPU.Build.0 = Release|Any CPU
		{90988D84-1643-4C88-8ECE-BDE7D0341917}.Debug|Any CPU.ActiveCfg = Debug|Any CPU
		{90988D84-1643-4C88-8ECE-BDE7D0341917}.Debug|Any CPU.Build.0 = Debug|Any CPU
		{90988D84-1643-4C88-8ECE-BDE7D0341917}.Release|Any CPU.ActiveCfg = Release|Any CPU
		{90988D84-1643-4C88-8ECE-BDE7D0341917}.Release|Any CPU.Build.0 = Release|Any CPU
		{1DA0B394-CC55-458F-929D-84C4645BD1A5}.Debug|Any CPU.ActiveCfg = Debug|Any CPU
		{1DA0B394-CC55-458F-929D-84C4645BD1A5}.Debug|Any CPU.Build.0 = Debug|Any CPU
		{1DA0B394-CC55-458F-929D-84C4645BD1A5}.Release|Any CPU.ActiveCfg = Release|Any CPU
		{1DA0B394-CC55-458F-929D-84C4645BD1A5}.Release|Any CPU.Build.0 = Release|Any CPU
		{5A97FD71-87FC-4A4F-96AD-D63DBE0E072D}.Debug|Any CPU.ActiveCfg = Debug|Any CPU
		{5A97FD71-87FC-4A4F-96AD-D63DBE0E072D}.Debug|Any CPU.Build.0 = Debug|Any CPU
		{5A97FD71-87FC-4A4F-96AD-D63DBE0E072D}.Release|Any CPU.ActiveCfg = Release|Any CPU
		{5A97FD71-87FC-4A4F-96AD-D63DBE0E072D}.Release|Any CPU.Build.0 = Release|Any CPU
		{3C683658-83FA-4D6A-AB57-68F367A3AE5D}.Debug|Any CPU.ActiveCfg = Debug|Any CPU
		{3C683658-83FA-4D6A-AB57-68F367A3AE5D}.Debug|Any CPU.Build.0 = Debug|Any CPU
		{3C683658-83FA-4D6A-AB57-68F367A3AE5D}.Release|Any CPU.ActiveCfg = Release|Any CPU
		{3C683658-83FA-4D6A-AB57-68F367A3AE5D}.Release|Any CPU.Build.0 = Release|Any CPU
		{EB7288FA-F480-41BD-8FB8-A74D8B9BF687}.Debug|Any CPU.ActiveCfg = Debug|Any CPU
		{EB7288FA-F480-41BD-8FB8-A74D8B9BF687}.Debug|Any CPU.Build.0 = Debug|Any CPU
		{EB7288FA-F480-41BD-8FB8-A74D8B9BF687}.Release|Any CPU.ActiveCfg = Release|Any CPU
		{EB7288FA-F480-41BD-8FB8-A74D8B9BF687}.Release|Any CPU.Build.0 = Release|Any CPU
	EndGlobalSection
	GlobalSection(SolutionProperties) = preSolution
		HideSolutionNode = FALSE
	EndGlobalSection
	GlobalSection(ExtensibilityGlobals) = postSolution
		SolutionGuid = {A9032327-48CE-4D9E-9491-8F699E8694CE}
	EndGlobalSection
EndGlobal
