
Microsoft Visual Studio Solution File, Format Version 12.00
# Visual Studio Version 17
VisualStudioVersion = 17.2.32630.192
MinimumVisualStudioVersion = 10.0.40219.1
Project("{FAE04EC0-301F-11D3-BF4B-00C04F79EFBC}") = "FakeAxeAndDummy1", "FakeAxeAndDummy1\FakeAxeAndDummy1.csproj", "{C57DC277-1888-42CF-B497-B3AF451B1698}"
EndProject
Project("{FAE04EC0-301F-11D3-BF4B-00C04F79EFBC}") = "FakeAxeAndDummy.Tests", "FakeAxeAndDummy.Tests\FakeAxeAndDummy.Tests.csproj", "{65E8CD70-433E-4B11-B1E9-6B4EBD213938}"
EndProject
Global
	GlobalSection(SolutionConfigurationPlatforms) = preSolution
		Debug|Any CPU = Debug|Any CPU
		Release|Any CPU = Release|Any CPU
	EndGlobalSection
	GlobalSection(ProjectConfigurationPlatforms) = postSolution
		{C57DC277-1888-42CF-B497-B3AF451B1698}.Debug|Any CPU.ActiveCfg = Debug|Any CPU
		{C57DC277-1888-42CF-B497-B3AF451B1698}.Debug|Any CPU.Build.0 = Debug|Any CPU
		{C57DC277-1888-42CF-B497-B3AF451B1698}.Release|Any CPU.ActiveCfg = Release|Any CPU
		{C57DC277-1888-42CF-B497-B3AF451B1698}.Release|Any CPU.Build.0 = Release|Any CPU
		{65E8CD70-433E-4B11-B1E9-6B4EBD213938}.Debug|Any CPU.ActiveCfg = Debug|Any CPU
		{65E8CD70-433E-4B11-B1E9-6B4EBD213938}.Debug|Any CPU.Build.0 = Debug|Any CPU
		{65E8CD70-433E-4B11-B1E9-6B4EBD213938}.Release|Any CPU.ActiveCfg = Release|Any CPU
		{65E8CD70-433E-4B11-B1E9-6B4EBD213938}.Release|Any CPU.Build.0 = Release|Any CPU
	EndGlobalSection
	GlobalSection(SolutionProperties) = preSolution
		HideSolutionNode = FALSE
	EndGlobalSection
	GlobalSection(ExtensibilityGlobals) = postSolution
		SolutionGuid = {46AD221E-6292-4767-9D01-6C6DFD25FBF4}
	EndGlobalSection
EndGlobal
