
Microsoft Visual Studio Solution File, Format Version 12.00
# Visual Studio Version 17
VisualStudioVersion = 17.6.33723.286
MinimumVisualStudioVersion = 10.0.40219.1
Project("{FAE04EC0-301F-11D3-BF4B-00C04F79EFBC}") = "ChatApp", "ChatApp.csproj", "{B936B6D1-CA92-4F3A-A155-4754C6039B45}"
EndProject
Global
	GlobalSection(SolutionConfigurationPlatforms) = preSolution
		Debug|Any CPU = Debug|Any CPU
		Release|Any CPU = Release|Any CPU
	EndGlobalSection
	GlobalSection(ProjectConfigurationPlatforms) = postSolution
		{B936B6D1-CA92-4F3A-A155-4754C6039B45}.Debug|Any CPU.ActiveCfg = Debug|Any CPU
		{B936B6D1-CA92-4F3A-A155-4754C6039B45}.Debug|Any CPU.Build.0 = Debug|Any CPU
		{B936B6D1-CA92-4F3A-A155-4754C6039B45}.Release|Any CPU.ActiveCfg = Release|Any CPU
		{B936B6D1-CA92-4F3A-A155-4754C6039B45}.Release|Any CPU.Build.0 = Release|Any CPU
	EndGlobalSection
	GlobalSection(SolutionProperties) = preSolution
		HideSolutionNode = FALSE
	EndGlobalSection
	GlobalSection(ExtensibilityGlobals) = postSolution
		SolutionGuid = {22BAD124-FC1E-490D-A255-CCE7FC31588C}
	EndGlobalSection
EndGlobal
