
Microsoft Visual Studio Solution File, Format Version 12.00
# Visual Studio Version 17
VisualStudioVersion = 17.0.32112.339
MinimumVisualStudioVersion = 10.0.40219.1
Project("{9A19103F-16F7-4668-BE54-9A1E7A4F7556}") = "01.Warm Winter", "01.Warm Winter\01.Warm Winter.csproj", "{70086232-1AE6-4FA7-8DD7-4E8F4358289A}"
EndProject
Project("{9A19103F-16F7-4668-BE54-9A1E7A4F7556}") = "02.Super Mario", "02.Super Mario\02.Super Mario.csproj", "{A2CF643E-F58C-43F5-B10E-1D40E9CFFE57}"
EndProject
Project("{9A19103F-16F7-4668-BE54-9A1E7A4F7556}") = "03.CocktailParty", "03. Cocktail Party\03.CocktailParty.csproj", "{13A35A2F-68F1-4133-BC5D-6215DA1729F6}"
EndProject
Global
	GlobalSection(SolutionConfigurationPlatforms) = preSolution
		Debug|Any CPU = Debug|Any CPU
		Release|Any CPU = Release|Any CPU
	EndGlobalSection
	GlobalSection(ProjectConfigurationPlatforms) = postSolution
		{70086232-1AE6-4FA7-8DD7-4E8F4358289A}.Debug|Any CPU.ActiveCfg = Debug|Any CPU
		{70086232-1AE6-4FA7-8DD7-4E8F4358289A}.Debug|Any CPU.Build.0 = Debug|Any CPU
		{70086232-1AE6-4FA7-8DD7-4E8F4358289A}.Release|Any CPU.ActiveCfg = Release|Any CPU
		{70086232-1AE6-4FA7-8DD7-4E8F4358289A}.Release|Any CPU.Build.0 = Release|Any CPU
		{A2CF643E-F58C-43F5-B10E-1D40E9CFFE57}.Debug|Any CPU.ActiveCfg = Debug|Any CPU
		{A2CF643E-F58C-43F5-B10E-1D40E9CFFE57}.Debug|Any CPU.Build.0 = Debug|Any CPU
		{A2CF643E-F58C-43F5-B10E-1D40E9CFFE57}.Release|Any CPU.ActiveCfg = Release|Any CPU
		{A2CF643E-F58C-43F5-B10E-1D40E9CFFE57}.Release|Any CPU.Build.0 = Release|Any CPU
		{13A35A2F-68F1-4133-BC5D-6215DA1729F6}.Debug|Any CPU.ActiveCfg = Debug|Any CPU
		{13A35A2F-68F1-4133-BC5D-6215DA1729F6}.Debug|Any CPU.Build.0 = Debug|Any CPU
		{13A35A2F-68F1-4133-BC5D-6215DA1729F6}.Release|Any CPU.ActiveCfg = Release|Any CPU
		{13A35A2F-68F1-4133-BC5D-6215DA1729F6}.Release|Any CPU.Build.0 = Release|Any CPU
	EndGlobalSection
	GlobalSection(SolutionProperties) = preSolution
		HideSolutionNode = FALSE
	EndGlobalSection
	GlobalSection(ExtensibilityGlobals) = postSolution
		SolutionGuid = {07F11DE7-A146-4DF0-9C8A-4DA8E10E582D}
	EndGlobalSection
EndGlobal
