
Microsoft Visual Studio Solution File, Format Version 12.00
# Visual Studio Version 17
VisualStudioVersion = 17.0.32112.339
MinimumVisualStudioVersion = 10.0.40219.1
Project("{FAE04EC0-301F-11D3-BF4B-00C04F79EFBC}") = "E01. Unique Usernames", "E01. Unique Usernames\E01. Unique Usernames.csproj", "{339F2B06-B6C1-4C09-9D82-80F8C8EEC870}"
EndProject
Project("{FAE04EC0-301F-11D3-BF4B-00C04F79EFBC}") = "E02. Sets of Elements", "E02. Sets of Elements\E02. Sets of Elements.csproj", "{DD2B2A95-6EA9-4236-9616-7DEF98DFCDCF}"
EndProject
Project("{FAE04EC0-301F-11D3-BF4B-00C04F79EFBC}") = "E03. Periodic Table", "E03. Periodic Table\E03. Periodic Table.csproj", "{68547C2D-8FB7-4654-BD60-C6863123648D}"
EndProject
Project("{FAE04EC0-301F-11D3-BF4B-00C04F79EFBC}") = "E04. Even Times", "E04. Even Times\E04. Even Times.csproj", "{61C648E5-8B2C-492A-A3F1-52E787BD18AE}"
EndProject
Project("{FAE04EC0-301F-11D3-BF4B-00C04F79EFBC}") = "E05. Count Symbols", "E05. Count Symbols\E05. Count Symbols.csproj", "{A530FFE5-C9D7-4F04-AC84-A968E23F3DEE}"
EndProject
Project("{FAE04EC0-301F-11D3-BF4B-00C04F79EFBC}") = "E06. Wardrobe", "E06. Wardrobe\E06. Wardrobe.csproj", "{0052EFDD-CA54-477E-A903-534A25840DC1}"
EndProject
Project("{FAE04EC0-301F-11D3-BF4B-00C04F79EFBC}") = "E07. The V-Logger", "E07. The V-Logger\E07. The V-Logger.csproj", "{6C1A9B6B-1F74-47F8-AF15-F4443F603033}"
EndProject
Project("{FAE04EC0-301F-11D3-BF4B-00C04F79EFBC}") = "E08. Ranking", "E08. Ranking\E08. Ranking.csproj", "{6A061E76-5A7E-424B-AAE3-75D6642B2091}"
EndProject
Project("{FAE04EC0-301F-11D3-BF4B-00C04F79EFBC}") = "E09. SoftUni Exam Results", "E09. SoftUni Exam Results\E09. SoftUni Exam Results.csproj", "{D82BF474-8D1A-4EB3-AC0F-DD6195EBE3C4}"
EndProject
Project("{FAE04EC0-301F-11D3-BF4B-00C04F79EFBC}") = "E10. ForceBook", "E10. ForceBook\E10. ForceBook.csproj", "{D930B666-B02B-47D5-9AA4-7FF43882E6B8}"
EndProject
Global
	GlobalSection(SolutionConfigurationPlatforms) = preSolution
		Debug|Any CPU = Debug|Any CPU
		Release|Any CPU = Release|Any CPU
	EndGlobalSection
	GlobalSection(ProjectConfigurationPlatforms) = postSolution
		{339F2B06-B6C1-4C09-9D82-80F8C8EEC870}.Debug|Any CPU.ActiveCfg = Debug|Any CPU
		{339F2B06-B6C1-4C09-9D82-80F8C8EEC870}.Debug|Any CPU.Build.0 = Debug|Any CPU
		{339F2B06-B6C1-4C09-9D82-80F8C8EEC870}.Release|Any CPU.ActiveCfg = Release|Any CPU
		{339F2B06-B6C1-4C09-9D82-80F8C8EEC870}.Release|Any CPU.Build.0 = Release|Any CPU
		{DD2B2A95-6EA9-4236-9616-7DEF98DFCDCF}.Debug|Any CPU.ActiveCfg = Debug|Any CPU
		{DD2B2A95-6EA9-4236-9616-7DEF98DFCDCF}.Debug|Any CPU.Build.0 = Debug|Any CPU
		{DD2B2A95-6EA9-4236-9616-7DEF98DFCDCF}.Release|Any CPU.ActiveCfg = Release|Any CPU
		{DD2B2A95-6EA9-4236-9616-7DEF98DFCDCF}.Release|Any CPU.Build.0 = Release|Any CPU
		{68547C2D-8FB7-4654-BD60-C6863123648D}.Debug|Any CPU.ActiveCfg = Debug|Any CPU
		{68547C2D-8FB7-4654-BD60-C6863123648D}.Debug|Any CPU.Build.0 = Debug|Any CPU
		{68547C2D-8FB7-4654-BD60-C6863123648D}.Release|Any CPU.ActiveCfg = Release|Any CPU
		{68547C2D-8FB7-4654-BD60-C6863123648D}.Release|Any CPU.Build.0 = Release|Any CPU
		{61C648E5-8B2C-492A-A3F1-52E787BD18AE}.Debug|Any CPU.ActiveCfg = Debug|Any CPU
		{61C648E5-8B2C-492A-A3F1-52E787BD18AE}.Debug|Any CPU.Build.0 = Debug|Any CPU
		{61C648E5-8B2C-492A-A3F1-52E787BD18AE}.Release|Any CPU.ActiveCfg = Release|Any CPU
		{61C648E5-8B2C-492A-A3F1-52E787BD18AE}.Release|Any CPU.Build.0 = Release|Any CPU
		{A530FFE5-C9D7-4F04-AC84-A968E23F3DEE}.Debug|Any CPU.ActiveCfg = Debug|Any CPU
		{A530FFE5-C9D7-4F04-AC84-A968E23F3DEE}.Debug|Any CPU.Build.0 = Debug|Any CPU
		{A530FFE5-C9D7-4F04-AC84-A968E23F3DEE}.Release|Any CPU.ActiveCfg = Release|Any CPU
		{A530FFE5-C9D7-4F04-AC84-A968E23F3DEE}.Release|Any CPU.Build.0 = Release|Any CPU
		{0052EFDD-CA54-477E-A903-534A25840DC1}.Debug|Any CPU.ActiveCfg = Debug|Any CPU
		{0052EFDD-CA54-477E-A903-534A25840DC1}.Debug|Any CPU.Build.0 = Debug|Any CPU
		{0052EFDD-CA54-477E-A903-534A25840DC1}.Release|Any CPU.ActiveCfg = Release|Any CPU
		{0052EFDD-CA54-477E-A903-534A25840DC1}.Release|Any CPU.Build.0 = Release|Any CPU
		{6C1A9B6B-1F74-47F8-AF15-F4443F603033}.Debug|Any CPU.ActiveCfg = Debug|Any CPU
		{6C1A9B6B-1F74-47F8-AF15-F4443F603033}.Debug|Any CPU.Build.0 = Debug|Any CPU
		{6C1A9B6B-1F74-47F8-AF15-F4443F603033}.Release|Any CPU.ActiveCfg = Release|Any CPU
		{6C1A9B6B-1F74-47F8-AF15-F4443F603033}.Release|Any CPU.Build.0 = Release|Any CPU
		{6A061E76-5A7E-424B-AAE3-75D6642B2091}.Debug|Any CPU.ActiveCfg = Debug|Any CPU
		{6A061E76-5A7E-424B-AAE3-75D6642B2091}.Debug|Any CPU.Build.0 = Debug|Any CPU
		{6A061E76-5A7E-424B-AAE3-75D6642B2091}.Release|Any CPU.ActiveCfg = Release|Any CPU
		{6A061E76-5A7E-424B-AAE3-75D6642B2091}.Release|Any CPU.Build.0 = Release|Any CPU
		{D82BF474-8D1A-4EB3-AC0F-DD6195EBE3C4}.Debug|Any CPU.ActiveCfg = Debug|Any CPU
		{D82BF474-8D1A-4EB3-AC0F-DD6195EBE3C4}.Debug|Any CPU.Build.0 = Debug|Any CPU
		{D82BF474-8D1A-4EB3-AC0F-DD6195EBE3C4}.Release|Any CPU.ActiveCfg = Release|Any CPU
		{D82BF474-8D1A-4EB3-AC0F-DD6195EBE3C4}.Release|Any CPU.Build.0 = Release|Any CPU
		{D930B666-B02B-47D5-9AA4-7FF43882E6B8}.Debug|Any CPU.ActiveCfg = Debug|Any CPU
		{D930B666-B02B-47D5-9AA4-7FF43882E6B8}.Debug|Any CPU.Build.0 = Debug|Any CPU
		{D930B666-B02B-47D5-9AA4-7FF43882E6B8}.Release|Any CPU.ActiveCfg = Release|Any CPU
		{D930B666-B02B-47D5-9AA4-7FF43882E6B8}.Release|Any CPU.Build.0 = Release|Any CPU
	EndGlobalSection
	GlobalSection(SolutionProperties) = preSolution
		HideSolutionNode = FALSE
	EndGlobalSection
	GlobalSection(ExtensibilityGlobals) = postSolution
		SolutionGuid = {475FDCE8-069F-4F5D-A115-9548D5975599}
	EndGlobalSection
EndGlobal
