
Microsoft Visual Studio Solution File, Format Version 12.00
# Visual Studio Version 17
VisualStudioVersion = 17.2.32630.192
MinimumVisualStudioVersion = 10.0.40219.1
Project("{FAE04EC0-301F-11D3-BF4B-00C04F79EFBC}") = "Heroes", "Heroes\Heroes.csproj", "{0901E602-ED46-4478-B96C-77D95313AB21}"
EndProject
Global
	GlobalSection(SolutionConfigurationPlatforms) = preSolution
		Debug|Any CPU = Debug|Any CPU
		Release|Any CPU = Release|Any CPU
	EndGlobalSection
	GlobalSection(ProjectConfigurationPlatforms) = postSolution
		{0901E602-ED46-4478-B96C-77D95313AB21}.Debug|Any CPU.ActiveCfg = Debug|Any CPU
		{0901E602-ED46-4478-B96C-77D95313AB21}.Debug|Any CPU.Build.0 = Debug|Any CPU
		{0901E602-ED46-4478-B96C-77D95313AB21}.Release|Any CPU.ActiveCfg = Release|Any CPU
		{0901E602-ED46-4478-B96C-77D95313AB21}.Release|Any CPU.Build.0 = Release|Any CPU
	EndGlobalSection
	GlobalSection(SolutionProperties) = preSolution
		HideSolutionNode = FALSE
	EndGlobalSection
	GlobalSection(ExtensibilityGlobals) = postSolution
		SolutionGuid = {641F2818-E3D9-49BF-986E-3507D99789A6}
	EndGlobalSection
EndGlobal
