
Microsoft Visual Studio Solution File, Format Version 12.00
# Visual Studio Version 17
VisualStudioVersion = 17.0.32112.339
MinimumVisualStudioVersion = 10.0.40219.1
Project("{FAE04EC0-301F-11D3-BF4B-00C04F79EFBC}") = "Demo", "Demo.csproj", "{E898276F-259C-46BA-8B89-C1F8246E1A22}"
EndProject
Global
	GlobalSection(SolutionConfigurationPlatforms) = preSolution
		Debug|Any CPU = Debug|Any CPU
		Release|Any CPU = Release|Any CPU
	EndGlobalSection
	GlobalSection(ProjectConfigurationPlatforms) = postSolution
		{E898276F-259C-46BA-8B89-C1F8246E1A22}.Debug|Any CPU.ActiveCfg = Debug|Any CPU
		{E898276F-259C-46BA-8B89-C1F8246E1A22}.Debug|Any CPU.Build.0 = Debug|Any CPU
		{E898276F-259C-46BA-8B89-C1F8246E1A22}.Release|Any CPU.ActiveCfg = Release|Any CPU
		{E898276F-259C-46BA-8B89-C1F8246E1A22}.Release|Any CPU.Build.0 = Release|Any CPU
	EndGlobalSection
	GlobalSection(SolutionProperties) = preSolution
		HideSolutionNode = FALSE
	EndGlobalSection
	GlobalSection(ExtensibilityGlobals) = postSolution
		SolutionGuid = {B27640C8-C2EA-401E-881D-0AF45B7B4F0F}
	EndGlobalSection
EndGlobal
