
Microsoft Visual Studio Solution File, Format Version 12.00
# Visual Studio Version 17
VisualStudioVersion = 17.0.32112.339
MinimumVisualStudioVersion = 10.0.40219.1
Project("{FAE04EC0-301F-11D3-BF4B-00C04F79EFBC}") = "AL01. Count Same Values in Array", "AL01. Count Same Values in Array\AL01. Count Same Values in Array.csproj", "{388B562D-BADE-4153-985B-F35D39DCC289}"
EndProject
Project("{FAE04EC0-301F-11D3-BF4B-00C04F79EFBC}") = "AL02. Average Student Grades", "AL02. Average Student Grades\AL02. Average Student Grades.csproj", "{216E3D2F-DFFC-4268-AB76-8047CB90A056}"
EndProject
Project("{FAE04EC0-301F-11D3-BF4B-00C04F79EFBC}") = "AL03. Product Shop", "AL03. Product Shop\AL03. Product Shop.csproj", "{EB5D41CE-4E3D-438D-80D1-35998A4BBD38}"
EndProject
Project("{FAE04EC0-301F-11D3-BF4B-00C04F79EFBC}") = "AL04. Cities by Continent and Country", "AL04. Cities by Continent and Country\AL04. Cities by Continent and Country.csproj", "{C741321E-29BE-40BA-B5F7-7143C13A2FB3}"
EndProject
Project("{FAE04EC0-301F-11D3-BF4B-00C04F79EFBC}") = "AL05. Record Unique Names", "AL05. Record Unique Names\AL05. Record Unique Names.csproj", "{4AECCCAE-1A00-43E7-878B-CFA752E77A3B}"
EndProject
Project("{FAE04EC0-301F-11D3-BF4B-00C04F79EFBC}") = "AL06. Parking Lot", "AL06. Parking Lot\AL06. Parking Lot.csproj", "{76A99E72-E60D-460C-9462-673B46C6F58C}"
EndProject
Project("{FAE04EC0-301F-11D3-BF4B-00C04F79EFBC}") = "AL07. SoftUni Party", "AL07. SoftUni Party\AL07. SoftUni Party.csproj", "{D1304B65-DB6A-419A-A3E4-FD74F8B47E60}"
EndProject
Global
	GlobalSection(SolutionConfigurationPlatforms) = preSolution
		Debug|Any CPU = Debug|Any CPU
		Release|Any CPU = Release|Any CPU
	EndGlobalSection
	GlobalSection(ProjectConfigurationPlatforms) = postSolution
		{388B562D-BADE-4153-985B-F35D39DCC289}.Debug|Any CPU.ActiveCfg = Debug|Any CPU
		{388B562D-BADE-4153-985B-F35D39DCC289}.Debug|Any CPU.Build.0 = Debug|Any CPU
		{388B562D-BADE-4153-985B-F35D39DCC289}.Release|Any CPU.ActiveCfg = Release|Any CPU
		{388B562D-BADE-4153-985B-F35D39DCC289}.Release|Any CPU.Build.0 = Release|Any CPU
		{216E3D2F-DFFC-4268-AB76-8047CB90A056}.Debug|Any CPU.ActiveCfg = Debug|Any CPU
		{216E3D2F-DFFC-4268-AB76-8047CB90A056}.Debug|Any CPU.Build.0 = Debug|Any CPU
		{216E3D2F-DFFC-4268-AB76-8047CB90A056}.Release|Any CPU.ActiveCfg = Release|Any CPU
		{216E3D2F-DFFC-4268-AB76-8047CB90A056}.Release|Any CPU.Build.0 = Release|Any CPU
		{EB5D41CE-4E3D-438D-80D1-35998A4BBD38}.Debug|Any CPU.ActiveCfg = Debug|Any CPU
		{EB5D41CE-4E3D-438D-80D1-35998A4BBD38}.Debug|Any CPU.Build.0 = Debug|Any CPU
		{EB5D41CE-4E3D-438D-80D1-35998A4BBD38}.Release|Any CPU.ActiveCfg = Release|Any CPU
		{EB5D41CE-4E3D-438D-80D1-35998A4BBD38}.Release|Any CPU.Build.0 = Release|Any CPU
		{C741321E-29BE-40BA-B5F7-7143C13A2FB3}.Debug|Any CPU.ActiveCfg = Debug|Any CPU
		{C741321E-29BE-40BA-B5F7-7143C13A2FB3}.Debug|Any CPU.Build.0 = Debug|Any CPU
		{C741321E-29BE-40BA-B5F7-7143C13A2FB3}.Release|Any CPU.ActiveCfg = Release|Any CPU
		{C741321E-29BE-40BA-B5F7-7143C13A2FB3}.Release|Any CPU.Build.0 = Release|Any CPU
		{4AECCCAE-1A00-43E7-878B-CFA752E77A3B}.Debug|Any CPU.ActiveCfg = Debug|Any CPU
		{4AECCCAE-1A00-43E7-878B-CFA752E77A3B}.Debug|Any CPU.Build.0 = Debug|Any CPU
		{4AECCCAE-1A00-43E7-878B-CFA752E77A3B}.Release|Any CPU.ActiveCfg = Release|Any CPU
		{4AECCCAE-1A00-43E7-878B-CFA752E77A3B}.Release|Any CPU.Build.0 = Release|Any CPU
		{76A99E72-E60D-460C-9462-673B46C6F58C}.Debug|Any CPU.ActiveCfg = Debug|Any CPU
		{76A99E72-E60D-460C-9462-673B46C6F58C}.Debug|Any CPU.Build.0 = Debug|Any CPU
		{76A99E72-E60D-460C-9462-673B46C6F58C}.Release|Any CPU.ActiveCfg = Release|Any CPU
		{76A99E72-E60D-460C-9462-673B46C6F58C}.Release|Any CPU.Build.0 = Release|Any CPU
		{D1304B65-DB6A-419A-A3E4-FD74F8B47E60}.Debug|Any CPU.ActiveCfg = Debug|Any CPU
		{D1304B65-DB6A-419A-A3E4-FD74F8B47E60}.Debug|Any CPU.Build.0 = Debug|Any CPU
		{D1304B65-DB6A-419A-A3E4-FD74F8B47E60}.Release|Any CPU.ActiveCfg = Release|Any CPU
		{D1304B65-DB6A-419A-A3E4-FD74F8B47E60}.Release|Any CPU.Build.0 = Release|Any CPU
	EndGlobalSection
	GlobalSection(SolutionProperties) = preSolution
		HideSolutionNode = FALSE
	EndGlobalSection
	GlobalSection(ExtensibilityGlobals) = postSolution
		SolutionGuid = {E2E2CEE4-7C65-4274-8369-F7A76DED1B9A}
	EndGlobalSection
EndGlobal
