
Microsoft Visual Studio Solution File, Format Version 12.00
# Visual Studio Version 17
VisualStudioVersion = 17.0.32112.339
MinimumVisualStudioVersion = 10.0.40219.1
Project("{FAE04EC0-301F-11D3-BF4B-00C04F79EFBC}") = "L01. Sort Even Numbers", "L01. Sort Even Numbers\L01. Sort Even Numbers.csproj", "{11667C47-AA98-4859-8258-A726301530A2}"
EndProject
Project("{FAE04EC0-301F-11D3-BF4B-00C04F79EFBC}") = "L02. Sum Numbers", "L02. Sum Numbers\L02. Sum Numbers.csproj", "{57825067-D852-4FF5-9DEB-746568F9E55A}"
EndProject
Project("{FAE04EC0-301F-11D3-BF4B-00C04F79EFBC}") = "L03. Count Uppercase Words", "L03. Count Uppercase Words\L03. Count Uppercase Words.csproj", "{D702E413-9CEC-4A62-8DE7-DB4C7E36D11B}"
EndProject
Project("{FAE04EC0-301F-11D3-BF4B-00C04F79EFBC}") = "L04. Add VAT", "L04. Add VAT\L04. Add VAT.csproj", "{265FFDB7-8FE8-4451-AB6B-0833FA921538}"
EndProject
Project("{FAE04EC0-301F-11D3-BF4B-00C04F79EFBC}") = "L05. Filter By Age", "L05. Filter By Age\L05. Filter By Age.csproj", "{D9C575CD-3E92-4F59-AB26-9C0E53D08DA1}"
EndProject
Global
	GlobalSection(SolutionConfigurationPlatforms) = preSolution
		Debug|Any CPU = Debug|Any CPU
		Release|Any CPU = Release|Any CPU
	EndGlobalSection
	GlobalSection(ProjectConfigurationPlatforms) = postSolution
		{11667C47-AA98-4859-8258-A726301530A2}.Debug|Any CPU.ActiveCfg = Debug|Any CPU
		{11667C47-AA98-4859-8258-A726301530A2}.Debug|Any CPU.Build.0 = Debug|Any CPU
		{11667C47-AA98-4859-8258-A726301530A2}.Release|Any CPU.ActiveCfg = Release|Any CPU
		{11667C47-AA98-4859-8258-A726301530A2}.Release|Any CPU.Build.0 = Release|Any CPU
		{57825067-D852-4FF5-9DEB-746568F9E55A}.Debug|Any CPU.ActiveCfg = Debug|Any CPU
		{57825067-D852-4FF5-9DEB-746568F9E55A}.Debug|Any CPU.Build.0 = Debug|Any CPU
		{57825067-D852-4FF5-9DEB-746568F9E55A}.Release|Any CPU.ActiveCfg = Release|Any CPU
		{57825067-D852-4FF5-9DEB-746568F9E55A}.Release|Any CPU.Build.0 = Release|Any CPU
		{D702E413-9CEC-4A62-8DE7-DB4C7E36D11B}.Debug|Any CPU.ActiveCfg = Debug|Any CPU
		{D702E413-9CEC-4A62-8DE7-DB4C7E36D11B}.Debug|Any CPU.Build.0 = Debug|Any CPU
		{D702E413-9CEC-4A62-8DE7-DB4C7E36D11B}.Release|Any CPU.ActiveCfg = Release|Any CPU
		{D702E413-9CEC-4A62-8DE7-DB4C7E36D11B}.Release|Any CPU.Build.0 = Release|Any CPU
		{265FFDB7-8FE8-4451-AB6B-0833FA921538}.Debug|Any CPU.ActiveCfg = Debug|Any CPU
		{265FFDB7-8FE8-4451-AB6B-0833FA921538}.Debug|Any CPU.Build.0 = Debug|Any CPU
		{265FFDB7-8FE8-4451-AB6B-0833FA921538}.Release|Any CPU.ActiveCfg = Release|Any CPU
		{265FFDB7-8FE8-4451-AB6B-0833FA921538}.Release|Any CPU.Build.0 = Release|Any CPU
		{D9C575CD-3E92-4F59-AB26-9C0E53D08DA1}.Debug|Any CPU.ActiveCfg = Debug|Any CPU
		{D9C575CD-3E92-4F59-AB26-9C0E53D08DA1}.Debug|Any CPU.Build.0 = Debug|Any CPU
		{D9C575CD-3E92-4F59-AB26-9C0E53D08DA1}.Release|Any CPU.ActiveCfg = Release|Any CPU
		{D9C575CD-3E92-4F59-AB26-9C0E53D08DA1}.Release|Any CPU.Build.0 = Release|Any CPU
	EndGlobalSection
	GlobalSection(SolutionProperties) = preSolution
		HideSolutionNode = FALSE
	EndGlobalSection
	GlobalSection(ExtensibilityGlobals) = postSolution
		SolutionGuid = {6628A7AF-B4B5-403A-BA59-2169B1C068E1}
	EndGlobalSection
EndGlobal
