
Microsoft Visual Studio Solution File, Format Version 12.00
# Visual Studio Version 17
VisualStudioVersion = 17.0.32112.339
MinimumVisualStudioVersion = 10.0.40219.1
Project("{FAE04EC0-301F-11D3-BF4B-00C04F79EFBC}") = "AE01. Matrix of Palindromes", "AE01. Matrix of Palindromes\AE01. Matrix of Palindromes.csproj", "{A3810BE4-56AE-49FF-9F06-98712EB861CF}"
EndProject
Project("{FAE04EC0-301F-11D3-BF4B-00C04F79EFBC}") = "AE02. Diagonal Difference", "AE02. Diagonal Difference\AE02. Diagonal Difference.csproj", "{7C3AFBA4-DC13-48D8-A2E7-B176EE18995D}"
EndProject
Project("{FAE04EC0-301F-11D3-BF4B-00C04F79EFBC}") = "AE03. Squares in Matrix", "AE03. Squares in Matrix\AE03. Squares in Matrix.csproj", "{9F3F8529-320F-4FF1-9223-572FF59CE483}"
EndProject
Project("{FAE04EC0-301F-11D3-BF4B-00C04F79EFBC}") = "AE04. Maximal Sum", "AE04. Maximal Sum\AE04. Maximal Sum.csproj", "{E938DA70-584F-4F8D-B982-C2C32399460D}"
EndProject
Project("{FAE04EC0-301F-11D3-BF4B-00C04F79EFBC}") = "AE05. Rubiks Matrix", "AE05. Rubiks Matrix\AE05. Rubiks Matrix.csproj", "{3D93F22D-4BF4-44A1-9203-A5F91D271D19}"
EndProject
Project("{FAE04EC0-301F-11D3-BF4B-00C04F79EFBC}") = "AE06. Target Practice", "AE06. Target Practice\AE06. Target Practice.csproj", "{849938AC-EE0E-4808-B074-460967F4C546}"
EndProject
Global
	GlobalSection(SolutionConfigurationPlatforms) = preSolution
		Debug|Any CPU = Debug|Any CPU
		Release|Any CPU = Release|Any CPU
	EndGlobalSection
	GlobalSection(ProjectConfigurationPlatforms) = postSolution
		{A3810BE4-56AE-49FF-9F06-98712EB861CF}.Debug|Any CPU.ActiveCfg = Debug|Any CPU
		{A3810BE4-56AE-49FF-9F06-98712EB861CF}.Debug|Any CPU.Build.0 = Debug|Any CPU
		{A3810BE4-56AE-49FF-9F06-98712EB861CF}.Release|Any CPU.ActiveCfg = Release|Any CPU
		{A3810BE4-56AE-49FF-9F06-98712EB861CF}.Release|Any CPU.Build.0 = Release|Any CPU
		{7C3AFBA4-DC13-48D8-A2E7-B176EE18995D}.Debug|Any CPU.ActiveCfg = Debug|Any CPU
		{7C3AFBA4-DC13-48D8-A2E7-B176EE18995D}.Debug|Any CPU.Build.0 = Debug|Any CPU
		{7C3AFBA4-DC13-48D8-A2E7-B176EE18995D}.Release|Any CPU.ActiveCfg = Release|Any CPU
		{7C3AFBA4-DC13-48D8-A2E7-B176EE18995D}.Release|Any CPU.Build.0 = Release|Any CPU
		{9F3F8529-320F-4FF1-9223-572FF59CE483}.Debug|Any CPU.ActiveCfg = Debug|Any CPU
		{9F3F8529-320F-4FF1-9223-572FF59CE483}.Debug|Any CPU.Build.0 = Debug|Any CPU
		{9F3F8529-320F-4FF1-9223-572FF59CE483}.Release|Any CPU.ActiveCfg = Release|Any CPU
		{9F3F8529-320F-4FF1-9223-572FF59CE483}.Release|Any CPU.Build.0 = Release|Any CPU
		{E938DA70-584F-4F8D-B982-C2C32399460D}.Debug|Any CPU.ActiveCfg = Debug|Any CPU
		{E938DA70-584F-4F8D-B982-C2C32399460D}.Debug|Any CPU.Build.0 = Debug|Any CPU
		{E938DA70-584F-4F8D-B982-C2C32399460D}.Release|Any CPU.ActiveCfg = Release|Any CPU
		{E938DA70-584F-4F8D-B982-C2C32399460D}.Release|Any CPU.Build.0 = Release|Any CPU
		{3D93F22D-4BF4-44A1-9203-A5F91D271D19}.Debug|Any CPU.ActiveCfg = Debug|Any CPU
		{3D93F22D-4BF4-44A1-9203-A5F91D271D19}.Debug|Any CPU.Build.0 = Debug|Any CPU
		{3D93F22D-4BF4-44A1-9203-A5F91D271D19}.Release|Any CPU.ActiveCfg = Release|Any CPU
		{3D93F22D-4BF4-44A1-9203-A5F91D271D19}.Release|Any CPU.Build.0 = Release|Any CPU
		{849938AC-EE0E-4808-B074-460967F4C546}.Debug|Any CPU.ActiveCfg = Debug|Any CPU
		{849938AC-EE0E-4808-B074-460967F4C546}.Debug|Any CPU.Build.0 = Debug|Any CPU
		{849938AC-EE0E-4808-B074-460967F4C546}.Release|Any CPU.ActiveCfg = Release|Any CPU
		{849938AC-EE0E-4808-B074-460967F4C546}.Release|Any CPU.Build.0 = Release|Any CPU
	EndGlobalSection
	GlobalSection(SolutionProperties) = preSolution
		HideSolutionNode = FALSE
	EndGlobalSection
	GlobalSection(ExtensibilityGlobals) = postSolution
		SolutionGuid = {017F7812-31E1-47E4-A1EE-2F61334C5318}
	EndGlobalSection
EndGlobal
