
Microsoft Visual Studio Solution File, Format Version 12.00
# Visual Studio Version 17
VisualStudioVersion = 17.0.32112.339
MinimumVisualStudioVersion = 10.0.40219.1
Project("{FAE04EC0-301F-11D3-BF4B-00C04F79EFBC}") = "L01. Recursive Array Sum", "L01. Recursive Array Sum\L01. Recursive Array Sum.csproj", "{1DFBB7A7-ED15-4505-BC26-1B04D4F08B62}"
EndProject
Project("{FAE04EC0-301F-11D3-BF4B-00C04F79EFBC}") = "L02. Recursive Drawing", "L02. Recursive Drawing\L02. Recursive Drawing.csproj", "{734C9927-9441-4BD8-A727-CB1EF43E9B77}"
EndProject
Project("{FAE04EC0-301F-11D3-BF4B-00C04F79EFBC}") = "L03. Generating Vectors", "L03. Generating Vectors\L03. Generating Vectors.csproj", "{D3139DC9-536C-4228-B0C7-5EABFE7AD350}"
EndProject
Project("{FAE04EC0-301F-11D3-BF4B-00C04F79EFBC}") = "L04. Recursive Factorial", "L04. Recursive Factorial\L04. Recursive Factorial.csproj", "{C8B686EE-7267-4646-87C2-AF8705752DDC}"
EndProject
Project("{FAE04EC0-301F-11D3-BF4B-00C04F79EFBC}") = "L05. Paths in Labyrinth", "L05. Paths in Labyrinth\L05. Paths in Labyrinth.csproj", "{DA8A8E4C-FBB6-4444-B1A0-0CB153958FB6}"
EndProject
Project("{FAE04EC0-301F-11D3-BF4B-00C04F79EFBC}") = "L06. 8 Queens Puzzle", "L06. 8 Queens Puzzle\L06. 8 Queens Puzzle.csproj", "{5D61868E-B31A-46C1-B78A-91914A951C1D}"
EndProject
Project("{FAE04EC0-301F-11D3-BF4B-00C04F79EFBC}") = "L07. Recursive Fibonacci", "L07. Recursive Fibonacci\L07. Recursive Fibonacci.csproj", "{9C4F7859-4B68-4DD0-B3D6-270C0B237946}"
EndProject
Global
	GlobalSection(SolutionConfigurationPlatforms) = preSolution
		Debug|Any CPU = Debug|Any CPU
		Release|Any CPU = Release|Any CPU
	EndGlobalSection
	GlobalSection(ProjectConfigurationPlatforms) = postSolution
		{1DFBB7A7-ED15-4505-BC26-1B04D4F08B62}.Debug|Any CPU.ActiveCfg = Debug|Any CPU
		{1DFBB7A7-ED15-4505-BC26-1B04D4F08B62}.Debug|Any CPU.Build.0 = Debug|Any CPU
		{1DFBB7A7-ED15-4505-BC26-1B04D4F08B62}.Release|Any CPU.ActiveCfg = Release|Any CPU
		{1DFBB7A7-ED15-4505-BC26-1B04D4F08B62}.Release|Any CPU.Build.0 = Release|Any CPU
		{734C9927-9441-4BD8-A727-CB1EF43E9B77}.Debug|Any CPU.ActiveCfg = Debug|Any CPU
		{734C9927-9441-4BD8-A727-CB1EF43E9B77}.Debug|Any CPU.Build.0 = Debug|Any CPU
		{734C9927-9441-4BD8-A727-CB1EF43E9B77}.Release|Any CPU.ActiveCfg = Release|Any CPU
		{734C9927-9441-4BD8-A727-CB1EF43E9B77}.Release|Any CPU.Build.0 = Release|Any CPU
		{D3139DC9-536C-4228-B0C7-5EABFE7AD350}.Debug|Any CPU.ActiveCfg = Debug|Any CPU
		{D3139DC9-536C-4228-B0C7-5EABFE7AD350}.Debug|Any CPU.Build.0 = Debug|Any CPU
		{D3139DC9-536C-4228-B0C7-5EABFE7AD350}.Release|Any CPU.ActiveCfg = Release|Any CPU
		{D3139DC9-536C-4228-B0C7-5EABFE7AD350}.Release|Any CPU.Build.0 = Release|Any CPU
		{C8B686EE-7267-4646-87C2-AF8705752DDC}.Debug|Any CPU.ActiveCfg = Debug|Any CPU
		{C8B686EE-7267-4646-87C2-AF8705752DDC}.Debug|Any CPU.Build.0 = Debug|Any CPU
		{C8B686EE-7267-4646-87C2-AF8705752DDC}.Release|Any CPU.ActiveCfg = Release|Any CPU
		{C8B686EE-7267-4646-87C2-AF8705752DDC}.Release|Any CPU.Build.0 = Release|Any CPU
		{DA8A8E4C-FBB6-4444-B1A0-0CB153958FB6}.Debug|Any CPU.ActiveCfg = Debug|Any CPU
		{DA8A8E4C-FBB6-4444-B1A0-0CB153958FB6}.Debug|Any CPU.Build.0 = Debug|Any CPU
		{DA8A8E4C-FBB6-4444-B1A0-0CB153958FB6}.Release|Any CPU.ActiveCfg = Release|Any CPU
		{DA8A8E4C-FBB6-4444-B1A0-0CB153958FB6}.Release|Any CPU.Build.0 = Release|Any CPU
		{5D61868E-B31A-46C1-B78A-91914A951C1D}.Debug|Any CPU.ActiveCfg = Debug|Any CPU
		{5D61868E-B31A-46C1-B78A-91914A951C1D}.Debug|Any CPU.Build.0 = Debug|Any CPU
		{5D61868E-B31A-46C1-B78A-91914A951C1D}.Release|Any CPU.ActiveCfg = Release|Any CPU
		{5D61868E-B31A-46C1-B78A-91914A951C1D}.Release|Any CPU.Build.0 = Release|Any CPU
		{9C4F7859-4B68-4DD0-B3D6-270C0B237946}.Debug|Any CPU.ActiveCfg = Debug|Any CPU
		{9C4F7859-4B68-4DD0-B3D6-270C0B237946}.Debug|Any CPU.Build.0 = Debug|Any CPU
		{9C4F7859-4B68-4DD0-B3D6-270C0B237946}.Release|Any CPU.ActiveCfg = Release|Any CPU
		{9C4F7859-4B68-4DD0-B3D6-270C0B237946}.Release|Any CPU.Build.0 = Release|Any CPU
	EndGlobalSection
	GlobalSection(SolutionProperties) = preSolution
		HideSolutionNode = FALSE
	EndGlobalSection
	GlobalSection(ExtensibilityGlobals) = postSolution
		SolutionGuid = {5AB13E5B-1D56-43F9-B79D-00CA8ED089CF}
	EndGlobalSection
EndGlobal
