
Microsoft Visual Studio Solution File, Format Version 12.00
# Visual Studio Version 17
VisualStudioVersion = 17.0.32112.339
MinimumVisualStudioVersion = 10.0.40219.1
Project("{9A19103F-16F7-4668-BE54-9A1E7A4F7556}") = "E01. Basic Stack Operations", "E01. Basic Stack Operations\E01. Basic Stack Operations.csproj", "{506C38DF-D749-401E-B2C1-9C6191F3AC95}"
EndProject
Project("{9A19103F-16F7-4668-BE54-9A1E7A4F7556}") = "E02. Basic Queue Operations", "E02. Basic Queue Operations\E02. Basic Queue Operations.csproj", "{E4447495-4C05-4721-B459-374A222A333B}"
EndProject
Project("{9A19103F-16F7-4668-BE54-9A1E7A4F7556}") = "E03. Maximum and Minimum Element", "E03. Maximum and Minimum Element\E03. Maximum and Minimum Element.csproj", "{182D208B-8D99-42EC-9F6D-EE42385ABACF}"
EndProject
Project("{9A19103F-16F7-4668-BE54-9A1E7A4F7556}") = "E04. Fast Food", "E04. Fast Food\E04. Fast Food.csproj", "{9DB89A4B-C31C-4560-A559-BB863FF62C1D}"
EndProject
Project("{9A19103F-16F7-4668-BE54-9A1E7A4F7556}") = "E05. Fashion Boutique", "E05. Fashion Boutique\E05. Fashion Boutique.csproj", "{85DE9E61-E80F-4301-ADE2-84C6959251A7}"
EndProject
Project("{9A19103F-16F7-4668-BE54-9A1E7A4F7556}") = "E06. Songs Queue", "E06. Songs Queue\E06. Songs Queue.csproj", "{AA9F6568-EF09-43B1-9E36-C8E3811EABF2}"
EndProject
Project("{9A19103F-16F7-4668-BE54-9A1E7A4F7556}") = "E07. Truck Tour", "E07. Truck Tour\E07. Truck Tour.csproj", "{70CB0523-0CF9-4349-A375-5ACC816CEBB5}"
EndProject
Project("{9A19103F-16F7-4668-BE54-9A1E7A4F7556}") = "E08.Balanced Parenthesis", "E08.Balanced Parenthesis\E08.Balanced Parenthesis.csproj", "{3F1BE849-8B6E-477A-BEB9-18ECB42A5274}"
EndProject
Project("{9A19103F-16F7-4668-BE54-9A1E7A4F7556}") = "E09. Simple Text Editor", "E09. Simple Text Editor\E09. Simple Text Editor.csproj", "{121F839D-4C45-46E8-92F2-2217A97FD4AA}"
EndProject
Project("{9A19103F-16F7-4668-BE54-9A1E7A4F7556}") = "E10. Crossroads", "E10. Crossroads\E10. Crossroads.csproj", "{BC137D97-B594-4211-B045-258A7B8C8CA5}"
EndProject
Project("{FAE04EC0-301F-11D3-BF4B-00C04F79EFBC}") = "E11.Key Revolver", "E11.Key Revolver\E11.Key Revolver.csproj", "{69F557A0-4078-40A8-957D-37F1D56445AA}"
EndProject
Global
	GlobalSection(SolutionConfigurationPlatforms) = preSolution
		Debug|Any CPU = Debug|Any CPU
		Release|Any CPU = Release|Any CPU
	EndGlobalSection
	GlobalSection(ProjectConfigurationPlatforms) = postSolution
		{506C38DF-D749-401E-B2C1-9C6191F3AC95}.Debug|Any CPU.ActiveCfg = Debug|Any CPU
		{506C38DF-D749-401E-B2C1-9C6191F3AC95}.Debug|Any CPU.Build.0 = Debug|Any CPU
		{506C38DF-D749-401E-B2C1-9C6191F3AC95}.Release|Any CPU.ActiveCfg = Release|Any CPU
		{506C38DF-D749-401E-B2C1-9C6191F3AC95}.Release|Any CPU.Build.0 = Release|Any CPU
		{E4447495-4C05-4721-B459-374A222A333B}.Debug|Any CPU.ActiveCfg = Debug|Any CPU
		{E4447495-4C05-4721-B459-374A222A333B}.Debug|Any CPU.Build.0 = Debug|Any CPU
		{E4447495-4C05-4721-B459-374A222A333B}.Release|Any CPU.ActiveCfg = Release|Any CPU
		{E4447495-4C05-4721-B459-374A222A333B}.Release|Any CPU.Build.0 = Release|Any CPU
		{182D208B-8D99-42EC-9F6D-EE42385ABACF}.Debug|Any CPU.ActiveCfg = Debug|Any CPU
		{182D208B-8D99-42EC-9F6D-EE42385ABACF}.Debug|Any CPU.Build.0 = Debug|Any CPU
		{182D208B-8D99-42EC-9F6D-EE42385ABACF}.Release|Any CPU.ActiveCfg = Release|Any CPU
		{182D208B-8D99-42EC-9F6D-EE42385ABACF}.Release|Any CPU.Build.0 = Release|Any CPU
		{9DB89A4B-C31C-4560-A559-BB863FF62C1D}.Debug|Any CPU.ActiveCfg = Debug|Any CPU
		{9DB89A4B-C31C-4560-A559-BB863FF62C1D}.Debug|Any CPU.Build.0 = Debug|Any CPU
		{9DB89A4B-C31C-4560-A559-BB863FF62C1D}.Release|Any CPU.ActiveCfg = Release|Any CPU
		{9DB89A4B-C31C-4560-A559-BB863FF62C1D}.Release|Any CPU.Build.0 = Release|Any CPU
		{85DE9E61-E80F-4301-ADE2-84C6959251A7}.Debug|Any CPU.ActiveCfg = Debug|Any CPU
		{85DE9E61-E80F-4301-ADE2-84C6959251A7}.Debug|Any CPU.Build.0 = Debug|Any CPU
		{85DE9E61-E80F-4301-ADE2-84C6959251A7}.Release|Any CPU.ActiveCfg = Release|Any CPU
		{85DE9E61-E80F-4301-ADE2-84C6959251A7}.Release|Any CPU.Build.0 = Release|Any CPU
		{AA9F6568-EF09-43B1-9E36-C8E3811EABF2}.Debug|Any CPU.ActiveCfg = Debug|Any CPU
		{AA9F6568-EF09-43B1-9E36-C8E3811EABF2}.Debug|Any CPU.Build.0 = Debug|Any CPU
		{AA9F6568-EF09-43B1-9E36-C8E3811EABF2}.Release|Any CPU.ActiveCfg = Release|Any CPU
		{AA9F6568-EF09-43B1-9E36-C8E3811EABF2}.Release|Any CPU.Build.0 = Release|Any CPU
		{70CB0523-0CF9-4349-A375-5ACC816CEBB5}.Debug|Any CPU.ActiveCfg = Debug|Any CPU
		{70CB0523-0CF9-4349-A375-5ACC816CEBB5}.Debug|Any CPU.Build.0 = Debug|Any CPU
		{70CB0523-0CF9-4349-A375-5ACC816CEBB5}.Release|Any CPU.ActiveCfg = Release|Any CPU
		{70CB0523-0CF9-4349-A375-5ACC816CEBB5}.Release|Any CPU.Build.0 = Release|Any CPU
		{3F1BE849-8B6E-477A-BEB9-18ECB42A5274}.Debug|Any CPU.ActiveCfg = Debug|Any CPU
		{3F1BE849-8B6E-477A-BEB9-18ECB42A5274}.Debug|Any CPU.Build.0 = Debug|Any CPU
		{3F1BE849-8B6E-477A-BEB9-18ECB42A5274}.Release|Any CPU.ActiveCfg = Release|Any CPU
		{3F1BE849-8B6E-477A-BEB9-18ECB42A5274}.Release|Any CPU.Build.0 = Release|Any CPU
		{121F839D-4C45-46E8-92F2-2217A97FD4AA}.Debug|Any CPU.ActiveCfg = Debug|Any CPU
		{121F839D-4C45-46E8-92F2-2217A97FD4AA}.Debug|Any CPU.Build.0 = Debug|Any CPU
		{121F839D-4C45-46E8-92F2-2217A97FD4AA}.Release|Any CPU.ActiveCfg = Release|Any CPU
		{121F839D-4C45-46E8-92F2-2217A97FD4AA}.Release|Any CPU.Build.0 = Release|Any CPU
		{BC137D97-B594-4211-B045-258A7B8C8CA5}.Debug|Any CPU.ActiveCfg = Debug|Any CPU
		{BC137D97-B594-4211-B045-258A7B8C8CA5}.Debug|Any CPU.Build.0 = Debug|Any CPU
		{BC137D97-B594-4211-B045-258A7B8C8CA5}.Release|Any CPU.ActiveCfg = Release|Any CPU
		{BC137D97-B594-4211-B045-258A7B8C8CA5}.Release|Any CPU.Build.0 = Release|Any CPU
		{69F557A0-4078-40A8-957D-37F1D56445AA}.Debug|Any CPU.ActiveCfg = Debug|Any CPU
		{69F557A0-4078-40A8-957D-37F1D56445AA}.Debug|Any CPU.Build.0 = Debug|Any CPU
		{69F557A0-4078-40A8-957D-37F1D56445AA}.Release|Any CPU.ActiveCfg = Release|Any CPU
		{69F557A0-4078-40A8-957D-37F1D56445AA}.Release|Any CPU.Build.0 = Release|Any CPU
	EndGlobalSection
	GlobalSection(SolutionProperties) = preSolution
		HideSolutionNode = FALSE
	EndGlobalSection
	GlobalSection(ExtensibilityGlobals) = postSolution
		SolutionGuid = {A2AA40B2-534E-4A26-A9E5-8C28823B62EE}
	EndGlobalSection
EndGlobal
