
Microsoft Visual Studio Solution File, Format Version 12.00
# Visual Studio Version 17
VisualStudioVersion = 17.0.32112.339
MinimumVisualStudioVersion = 10.0.40219.1
Project("{9A19103F-16F7-4668-BE54-9A1E7A4F7556}") = "E01. Define a Class Person", "E01. Define a Class Person\E01. Define a Class Person.csproj", "{154A577D-84F0-4572-A508-FDBA402A10A4}"
EndProject
Project("{9A19103F-16F7-4668-BE54-9A1E7A4F7556}") = "E02. Creating Constructors", "E02. Creating Constructors\E02. Creating Constructors.csproj", "{080D4266-4FF7-4ADC-ACDB-C0E86430D58D}"
EndProject
Project("{9A19103F-16F7-4668-BE54-9A1E7A4F7556}") = "E03.OldestFamilyMember", "E03. Oldest Family Member\E03.OldestFamilyMember.csproj", "{B6A185ED-C040-4F79-A734-5CAB8A18C7E6}"
EndProject
Project("{9A19103F-16F7-4668-BE54-9A1E7A4F7556}") = "E04.OpinionPoll", "E04. Opinion Poll\E04.OpinionPoll.csproj", "{8CBF9936-6EDC-43B2-B3AC-4FFE7D6CF5B6}"
EndProject
Project("{9A19103F-16F7-4668-BE54-9A1E7A4F7556}") = "E05. Date Modifier", "E05. Date Modifier\E05. Date Modifier.csproj", "{02D5EB87-D7D1-431A-A03A-1C56BD998AC1}"
EndProject
Project("{9A19103F-16F7-4668-BE54-9A1E7A4F7556}") = "E06.SpeedRacing", "E06. Speed Racing\E06.SpeedRacing.csproj", "{A04B6F43-2C35-4513-94CD-92B10FF6AC7B}"
EndProject
Project("{9A19103F-16F7-4668-BE54-9A1E7A4F7556}") = "E07.RawData", "E07. Raw Data\E07.RawData.csproj", "{E41FBE24-672D-4A2A-8B30-38EACF41E3F9}"
EndProject
Project("{9A19103F-16F7-4668-BE54-9A1E7A4F7556}") = "E08. Car Salesman", "E08. Car Salesman\E08. Car Salesman.csproj", "{EE7F9E04-B15B-4DAC-8BC5-06DF08BDC0BD}"
EndProject
Project("{9A19103F-16F7-4668-BE54-9A1E7A4F7556}") = "E09. Pokemon Trainer", "E09. Pokemon Trainer\E09. Pokemon Trainer.csproj", "{1FA60A4E-8A89-42BD-A143-6C7B4EF50C39}"
EndProject
Project("{9A19103F-16F7-4668-BE54-9A1E7A4F7556}") = "E10. SoftUni Parking", "E10. SoftUni Parking\E10. SoftUni Parking.csproj", "{424BCD47-9CFB-4C86-9339-26FFDC167BEF}"
EndProject
Global
	GlobalSection(SolutionConfigurationPlatforms) = preSolution
		Debug|Any CPU = Debug|Any CPU
		Release|Any CPU = Release|Any CPU
	EndGlobalSection
	GlobalSection(ProjectConfigurationPlatforms) = postSolution
		{154A577D-84F0-4572-A508-FDBA402A10A4}.Debug|Any CPU.ActiveCfg = Debug|Any CPU
		{154A577D-84F0-4572-A508-FDBA402A10A4}.Debug|Any CPU.Build.0 = Debug|Any CPU
		{154A577D-84F0-4572-A508-FDBA402A10A4}.Release|Any CPU.ActiveCfg = Release|Any CPU
		{154A577D-84F0-4572-A508-FDBA402A10A4}.Release|Any CPU.Build.0 = Release|Any CPU
		{080D4266-4FF7-4ADC-ACDB-C0E86430D58D}.Debug|Any CPU.ActiveCfg = Debug|Any CPU
		{080D4266-4FF7-4ADC-ACDB-C0E86430D58D}.Debug|Any CPU.Build.0 = Debug|Any CPU
		{080D4266-4FF7-4ADC-ACDB-C0E86430D58D}.Release|Any CPU.ActiveCfg = Release|Any CPU
		{080D4266-4FF7-4ADC-ACDB-C0E86430D58D}.Release|Any CPU.Build.0 = Release|Any CPU
		{B6A185ED-C040-4F79-A734-5CAB8A18C7E6}.Debug|Any CPU.ActiveCfg = Debug|Any CPU
		{B6A185ED-C040-4F79-A734-5CAB8A18C7E6}.Debug|Any CPU.Build.0 = Debug|Any CPU
		{B6A185ED-C040-4F79-A734-5CAB8A18C7E6}.Release|Any CPU.ActiveCfg = Release|Any CPU
		{B6A185ED-C040-4F79-A734-5CAB8A18C7E6}.Release|Any CPU.Build.0 = Release|Any CPU
		{8CBF9936-6EDC-43B2-B3AC-4FFE7D6CF5B6}.Debug|Any CPU.ActiveCfg = Debug|Any CPU
		{8CBF9936-6EDC-43B2-B3AC-4FFE7D6CF5B6}.Debug|Any CPU.Build.0 = Debug|Any CPU
		{8CBF9936-6EDC-43B2-B3AC-4FFE7D6CF5B6}.Release|Any CPU.ActiveCfg = Release|Any CPU
		{8CBF9936-6EDC-43B2-B3AC-4FFE7D6CF5B6}.Release|Any CPU.Build.0 = Release|Any CPU
		{02D5EB87-D7D1-431A-A03A-1C56BD998AC1}.Debug|Any CPU.ActiveCfg = Debug|Any CPU
		{02D5EB87-D7D1-431A-A03A-1C56BD998AC1}.Debug|Any CPU.Build.0 = Debug|Any CPU
		{02D5EB87-D7D1-431A-A03A-1C56BD998AC1}.Release|Any CPU.ActiveCfg = Release|Any CPU
		{02D5EB87-D7D1-431A-A03A-1C56BD998AC1}.Release|Any CPU.Build.0 = Release|Any CPU
		{A04B6F43-2C35-4513-94CD-92B10FF6AC7B}.Debug|Any CPU.ActiveCfg = Debug|Any CPU
		{A04B6F43-2C35-4513-94CD-92B10FF6AC7B}.Debug|Any CPU.Build.0 = Debug|Any CPU
		{A04B6F43-2C35-4513-94CD-92B10FF6AC7B}.Release|Any CPU.ActiveCfg = Release|Any CPU
		{A04B6F43-2C35-4513-94CD-92B10FF6AC7B}.Release|Any CPU.Build.0 = Release|Any CPU
		{E41FBE24-672D-4A2A-8B30-38EACF41E3F9}.Debug|Any CPU.ActiveCfg = Debug|Any CPU
		{E41FBE24-672D-4A2A-8B30-38EACF41E3F9}.Debug|Any CPU.Build.0 = Debug|Any CPU
		{E41FBE24-672D-4A2A-8B30-38EACF41E3F9}.Release|Any CPU.ActiveCfg = Release|Any CPU
		{E41FBE24-672D-4A2A-8B30-38EACF41E3F9}.Release|Any CPU.Build.0 = Release|Any CPU
		{EE7F9E04-B15B-4DAC-8BC5-06DF08BDC0BD}.Debug|Any CPU.ActiveCfg = Debug|Any CPU
		{EE7F9E04-B15B-4DAC-8BC5-06DF08BDC0BD}.Debug|Any CPU.Build.0 = Debug|Any CPU
		{EE7F9E04-B15B-4DAC-8BC5-06DF08BDC0BD}.Release|Any CPU.ActiveCfg = Release|Any CPU
		{EE7F9E04-B15B-4DAC-8BC5-06DF08BDC0BD}.Release|Any CPU.Build.0 = Release|Any CPU
		{1FA60A4E-8A89-42BD-A143-6C7B4EF50C39}.Debug|Any CPU.ActiveCfg = Debug|Any CPU
		{1FA60A4E-8A89-42BD-A143-6C7B4EF50C39}.Debug|Any CPU.Build.0 = Debug|Any CPU
		{1FA60A4E-8A89-42BD-A143-6C7B4EF50C39}.Release|Any CPU.ActiveCfg = Release|Any CPU
		{1FA60A4E-8A89-42BD-A143-6C7B4EF50C39}.Release|Any CPU.Build.0 = Release|Any CPU
		{424BCD47-9CFB-4C86-9339-26FFDC167BEF}.Debug|Any CPU.ActiveCfg = Debug|Any CPU
		{424BCD47-9CFB-4C86-9339-26FFDC167BEF}.Debug|Any CPU.Build.0 = Debug|Any CPU
		{424BCD47-9CFB-4C86-9339-26FFDC167BEF}.Release|Any CPU.ActiveCfg = Release|Any CPU
		{424BCD47-9CFB-4C86-9339-26FFDC167BEF}.Release|Any CPU.Build.0 = Release|Any CPU
	EndGlobalSection
	GlobalSection(SolutionProperties) = preSolution
		HideSolutionNode = FALSE
	EndGlobalSection
	GlobalSection(ExtensibilityGlobals) = postSolution
		SolutionGuid = {23746346-15AA-47A1-B8D7-FC1B0C7D132F}
	EndGlobalSection
EndGlobal
