
Microsoft Visual Studio Solution File, Format Version 12.00
# Visual Studio Version 17
VisualStudioVersion = 17.0.32112.339
MinimumVisualStudioVersion = 10.0.40219.1
Project("{9A19103F-16F7-4668-BE54-9A1E7A4F7556}") = "02. Villain Names", "01. Initial Setup\02. Villain Names.csproj", "{F88991C0-476B-46B7-96F1-F29B44C14CDC}"
EndProject
Project("{9A19103F-16F7-4668-BE54-9A1E7A4F7556}") = "03. Minion Names", "03. Minion Names\03. Minion Names.csproj", "{75316FE9-D969-4C0B-9D08-B3E7BEF4224F}"
EndProject
Project("{9A19103F-16F7-4668-BE54-9A1E7A4F7556}") = "04. Add Minion", "04. Add Minion\04. Add Minion.csproj", "{60EF494E-2EF2-413D-B47F-F2F6EB86B56E}"
EndProject
Project("{FAE04EC0-301F-11D3-BF4B-00C04F79EFBC}") = "05. Change Town Names Casing", "05. Change Town Names Casing\05. Change Town Names Casing.csproj", "{BB999F3F-E040-40AC-9F43-A008A2581457}"
EndProject
Project("{FAE04EC0-301F-11D3-BF4B-00C04F79EFBC}") = "06. Remove Villain", "06. Remove Villain\06. Remove Villain.csproj", "{43B001F6-524F-4FAD-ABBB-DB0D469D0E00}"
EndProject
Global
	GlobalSection(SolutionConfigurationPlatforms) = preSolution
		Debug|Any CPU = Debug|Any CPU
		Release|Any CPU = Release|Any CPU
	EndGlobalSection
	GlobalSection(ProjectConfigurationPlatforms) = postSolution
		{F88991C0-476B-46B7-96F1-F29B44C14CDC}.Debug|Any CPU.ActiveCfg = Debug|Any CPU
		{F88991C0-476B-46B7-96F1-F29B44C14CDC}.Debug|Any CPU.Build.0 = Debug|Any CPU
		{F88991C0-476B-46B7-96F1-F29B44C14CDC}.Release|Any CPU.ActiveCfg = Release|Any CPU
		{F88991C0-476B-46B7-96F1-F29B44C14CDC}.Release|Any CPU.Build.0 = Release|Any CPU
		{75316FE9-D969-4C0B-9D08-B3E7BEF4224F}.Debug|Any CPU.ActiveCfg = Debug|Any CPU
		{75316FE9-D969-4C0B-9D08-B3E7BEF4224F}.Debug|Any CPU.Build.0 = Debug|Any CPU
		{75316FE9-D969-4C0B-9D08-B3E7BEF4224F}.Release|Any CPU.ActiveCfg = Release|Any CPU
		{75316FE9-D969-4C0B-9D08-B3E7BEF4224F}.Release|Any CPU.Build.0 = Release|Any CPU
		{60EF494E-2EF2-413D-B47F-F2F6EB86B56E}.Debug|Any CPU.ActiveCfg = Debug|Any CPU
		{60EF494E-2EF2-413D-B47F-F2F6EB86B56E}.Debug|Any CPU.Build.0 = Debug|Any CPU
		{60EF494E-2EF2-413D-B47F-F2F6EB86B56E}.Release|Any CPU.ActiveCfg = Release|Any CPU
		{60EF494E-2EF2-413D-B47F-F2F6EB86B56E}.Release|Any CPU.Build.0 = Release|Any CPU
		{BB999F3F-E040-40AC-9F43-A008A2581457}.Debug|Any CPU.ActiveCfg = Debug|Any CPU
		{BB999F3F-E040-40AC-9F43-A008A2581457}.Debug|Any CPU.Build.0 = Debug|Any CPU
		{BB999F3F-E040-40AC-9F43-A008A2581457}.Release|Any CPU.ActiveCfg = Release|Any CPU
		{BB999F3F-E040-40AC-9F43-A008A2581457}.Release|Any CPU.Build.0 = Release|Any CPU
		{43B001F6-524F-4FAD-ABBB-DB0D469D0E00}.Debug|Any CPU.ActiveCfg = Debug|Any CPU
		{43B001F6-524F-4FAD-ABBB-DB0D469D0E00}.Debug|Any CPU.Build.0 = Debug|Any CPU
		{43B001F6-524F-4FAD-ABBB-DB0D469D0E00}.Release|Any CPU.ActiveCfg = Release|Any CPU
		{43B001F6-524F-4FAD-ABBB-DB0D469D0E00}.Release|Any CPU.Build.0 = Release|Any CPU
	EndGlobalSection
	GlobalSection(SolutionProperties) = preSolution
		HideSolutionNode = FALSE
	EndGlobalSection
	GlobalSection(ExtensibilityGlobals) = postSolution
		SolutionGuid = {AA7485FD-DAB8-461A-A80D-0BBC9A88BBEA}
	EndGlobalSection
EndGlobal
