
Microsoft Visual Studio Solution File, Format Version 12.00
# Visual Studio Version 17
VisualStudioVersion = 17.0.32112.339
MinimumVisualStudioVersion = 10.0.40219.1
Project("{9A19103F-16F7-4668-BE54-9A1E7A4F7556}") = "AE01. Unique Usernames", "AE01. Unique Usernames\AE01. Unique Usernames.csproj", "{980B1154-A919-41D1-8442-887A01471E59}"
EndProject
Project("{9A19103F-16F7-4668-BE54-9A1E7A4F7556}") = "AE02. Sets of Elements", "AE02. Sets of Elements\AE02. Sets of Elements.csproj", "{C63942A2-244E-46FD-92D5-F40A61A6AC38}"
EndProject
Project("{9A19103F-16F7-4668-BE54-9A1E7A4F7556}") = "AE03. Periodic Table", "AE03. Periodic Table\AE03. Periodic Table.csproj", "{1E442F0F-5A39-46BC-AD19-A7562855DFAA}"
EndProject
Project("{9A19103F-16F7-4668-BE54-9A1E7A4F7556}") = "AE04. Even Times", "AE04. Even Times\AE04. Even Times.csproj", "{64F35AF7-8E3B-4580-8A6B-6FC8EB7C0679}"
EndProject
Project("{9A19103F-16F7-4668-BE54-9A1E7A4F7556}") = "AE05. Count Symbols", "AE05. Count Symbols\AE05. Count Symbols.csproj", "{5D83F15A-1101-41AB-9D13-2FE0BF688DF4}"
EndProject
Project("{9A19103F-16F7-4668-BE54-9A1E7A4F7556}") = "AE06. Wardrobe", "AE06. Wardrobe\AE06. Wardrobe.csproj", "{B0BF13EA-7A9E-4062-9D0D-32F5A392E4C5}"
EndProject
Project("{FAE04EC0-301F-11D3-BF4B-00C04F79EFBC}") = "AE07. The V-Logger", "AE07. The V-Logger\AE07. The V-Logger.csproj", "{5AAC7397-8B2F-43F1-A5B6-E80564D3A88A}"
EndProject
Project("{FAE04EC0-301F-11D3-BF4B-00C04F79EFBC}") = "AE08. Ranking", "AE08. Ranking\AE08. Ranking.csproj", "{3B29475F-5617-4E3F-9024-B7D854E9C932}"
EndProject
Global
	GlobalSection(SolutionConfigurationPlatforms) = preSolution
		Debug|Any CPU = Debug|Any CPU
		Release|Any CPU = Release|Any CPU
	EndGlobalSection
	GlobalSection(ProjectConfigurationPlatforms) = postSolution
		{980B1154-A919-41D1-8442-887A01471E59}.Debug|Any CPU.ActiveCfg = Debug|Any CPU
		{980B1154-A919-41D1-8442-887A01471E59}.Debug|Any CPU.Build.0 = Debug|Any CPU
		{980B1154-A919-41D1-8442-887A01471E59}.Release|Any CPU.ActiveCfg = Release|Any CPU
		{980B1154-A919-41D1-8442-887A01471E59}.Release|Any CPU.Build.0 = Release|Any CPU
		{C63942A2-244E-46FD-92D5-F40A61A6AC38}.Debug|Any CPU.ActiveCfg = Debug|Any CPU
		{C63942A2-244E-46FD-92D5-F40A61A6AC38}.Debug|Any CPU.Build.0 = Debug|Any CPU
		{C63942A2-244E-46FD-92D5-F40A61A6AC38}.Release|Any CPU.ActiveCfg = Release|Any CPU
		{C63942A2-244E-46FD-92D5-F40A61A6AC38}.Release|Any CPU.Build.0 = Release|Any CPU
		{1E442F0F-5A39-46BC-AD19-A7562855DFAA}.Debug|Any CPU.ActiveCfg = Debug|Any CPU
		{1E442F0F-5A39-46BC-AD19-A7562855DFAA}.Debug|Any CPU.Build.0 = Debug|Any CPU
		{1E442F0F-5A39-46BC-AD19-A7562855DFAA}.Release|Any CPU.ActiveCfg = Release|Any CPU
		{1E442F0F-5A39-46BC-AD19-A7562855DFAA}.Release|Any CPU.Build.0 = Release|Any CPU
		{64F35AF7-8E3B-4580-8A6B-6FC8EB7C0679}.Debug|Any CPU.ActiveCfg = Debug|Any CPU
		{64F35AF7-8E3B-4580-8A6B-6FC8EB7C0679}.Debug|Any CPU.Build.0 = Debug|Any CPU
		{64F35AF7-8E3B-4580-8A6B-6FC8EB7C0679}.Release|Any CPU.ActiveCfg = Release|Any CPU
		{64F35AF7-8E3B-4580-8A6B-6FC8EB7C0679}.Release|Any CPU.Build.0 = Release|Any CPU
		{5D83F15A-1101-41AB-9D13-2FE0BF688DF4}.Debug|Any CPU.ActiveCfg = Debug|Any CPU
		{5D83F15A-1101-41AB-9D13-2FE0BF688DF4}.Debug|Any CPU.Build.0 = Debug|Any CPU
		{5D83F15A-1101-41AB-9D13-2FE0BF688DF4}.Release|Any CPU.ActiveCfg = Release|Any CPU
		{5D83F15A-1101-41AB-9D13-2FE0BF688DF4}.Release|Any CPU.Build.0 = Release|Any CPU
		{B0BF13EA-7A9E-4062-9D0D-32F5A392E4C5}.Debug|Any CPU.ActiveCfg = Debug|Any CPU
		{B0BF13EA-7A9E-4062-9D0D-32F5A392E4C5}.Debug|Any CPU.Build.0 = Debug|Any CPU
		{B0BF13EA-7A9E-4062-9D0D-32F5A392E4C5}.Release|Any CPU.ActiveCfg = Release|Any CPU
		{B0BF13EA-7A9E-4062-9D0D-32F5A392E4C5}.Release|Any CPU.Build.0 = Release|Any CPU
		{5AAC7397-8B2F-43F1-A5B6-E80564D3A88A}.Debug|Any CPU.ActiveCfg = Debug|Any CPU
		{5AAC7397-8B2F-43F1-A5B6-E80564D3A88A}.Debug|Any CPU.Build.0 = Debug|Any CPU
		{5AAC7397-8B2F-43F1-A5B6-E80564D3A88A}.Release|Any CPU.ActiveCfg = Release|Any CPU
		{5AAC7397-8B2F-43F1-A5B6-E80564D3A88A}.Release|Any CPU.Build.0 = Release|Any CPU
		{3B29475F-5617-4E3F-9024-B7D854E9C932}.Debug|Any CPU.ActiveCfg = Debug|Any CPU
		{3B29475F-5617-4E3F-9024-B7D854E9C932}.Debug|Any CPU.Build.0 = Debug|Any CPU
		{3B29475F-5617-4E3F-9024-B7D854E9C932}.Release|Any CPU.ActiveCfg = Release|Any CPU
		{3B29475F-5617-4E3F-9024-B7D854E9C932}.Release|Any CPU.Build.0 = Release|Any CPU
	EndGlobalSection
	GlobalSection(SolutionProperties) = preSolution
		HideSolutionNode = FALSE
	EndGlobalSection
	GlobalSection(ExtensibilityGlobals) = postSolution
		SolutionGuid = {3A273910-2082-446A-BFC2-97721407BD5E}
	EndGlobalSection
EndGlobal
