
Microsoft Visual Studio Solution File, Format Version 12.00
# Visual Studio Version 17
VisualStudioVersion = 17.0.32112.339
MinimumVisualStudioVersion = 10.0.40219.1
Project("{FAE04EC0-301F-11D3-BF4B-00C04F79EFBC}") = "Demo", "Demo\Demo.csproj", "{69545799-E50D-4FAD-850D-2B2364888326}"
EndProject
Project("{FAE04EC0-301F-11D3-BF4B-00C04F79EFBC}") = "MyClasses", "MyClasses\MyClasses.csproj", "{24648E35-A637-4CAD-96FC-B7217E6B1C73}"
EndProject
Global
	GlobalSection(SolutionConfigurationPlatforms) = preSolution
		Debug|Any CPU = Debug|Any CPU
		Release|Any CPU = Release|Any CPU
	EndGlobalSection
	GlobalSection(ProjectConfigurationPlatforms) = postSolution
		{69545799-E50D-4FAD-850D-2B2364888326}.Debug|Any CPU.ActiveCfg = Debug|Any CPU
		{69545799-E50D-4FAD-850D-2B2364888326}.Debug|Any CPU.Build.0 = Debug|Any CPU
		{69545799-E50D-4FAD-850D-2B2364888326}.Release|Any CPU.ActiveCfg = Release|Any CPU
		{69545799-E50D-4FAD-850D-2B2364888326}.Release|Any CPU.Build.0 = Release|Any CPU
		{24648E35-A637-4CAD-96FC-B7217E6B1C73}.Debug|Any CPU.ActiveCfg = Debug|Any CPU
		{24648E35-A637-4CAD-96FC-B7217E6B1C73}.Debug|Any CPU.Build.0 = Debug|Any CPU
		{24648E35-A637-4CAD-96FC-B7217E6B1C73}.Release|Any CPU.ActiveCfg = Release|Any CPU
		{24648E35-A637-4CAD-96FC-B7217E6B1C73}.Release|Any CPU.Build.0 = Release|Any CPU
	EndGlobalSection
	GlobalSection(SolutionProperties) = preSolution
		HideSolutionNode = FALSE
	EndGlobalSection
	GlobalSection(ExtensibilityGlobals) = postSolution
		SolutionGuid = {A7302534-24E6-401F-9D73-12AC3BF9665F}
	EndGlobalSection
EndGlobal
