
Microsoft Visual Studio Solution File, Format Version 12.00
# Visual Studio Version 17
VisualStudioVersion = 17.0.32112.339
MinimumVisualStudioVersion = 10.0.40219.1
Project("{FAE04EC0-301F-11D3-BF4B-00C04F79EFBC}") = "01. Permutations without Repetition", "01. Permutations without Repetition\01. Permutations without Repetition.csproj", "{A737F358-C317-4B38-AF7C-2A79A73BCC38}"
EndProject
Project("{FAE04EC0-301F-11D3-BF4B-00C04F79EFBC}") = "02. Permutations with Repetition", "02. Permutations with Repetition\02. Permutations with Repetition.csproj", "{FD74A1A7-F0E1-40D3-95E8-8461F802ECA0}"
EndProject
Project("{FAE04EC0-301F-11D3-BF4B-00C04F79EFBC}") = "03. Variations without Repetition", "03. Variations without Repetition\03. Variations without Repetition.csproj", "{7347EAF5-FDF0-4045-9AE3-559A497032FE}"
EndProject
Project("{FAE04EC0-301F-11D3-BF4B-00C04F79EFBC}") = "04. Variations with Repetition", "04. Variations with Repetition\04. Variations with Repetition.csproj", "{9B4F6D9C-6A0B-4F63-BA63-015578E0C5C6}"
EndProject
Project("{FAE04EC0-301F-11D3-BF4B-00C04F79EFBC}") = "05. Combinations without Repetition", "05. Combinations without Repetition\05. Combinations without Repetition.csproj", "{6B4FB476-E701-47D5-974B-DD2D5D84F1EA}"
EndProject
Project("{FAE04EC0-301F-11D3-BF4B-00C04F79EFBC}") = "06. Combinations with Repetition", "06. Combinations with Repetition\06. Combinations with Repetition.csproj", "{14FC5D1D-D908-4816-BE27-E4723EF4BF04}"
EndProject
Project("{FAE04EC0-301F-11D3-BF4B-00C04F79EFBC}") = "07. N Choose K Count", "07. N Choose K Count\07. N Choose K Count.csproj", "{BFBAB7E9-4BD7-421D-8127-E7C648EE7D86}"
EndProject
Global
	GlobalSection(SolutionConfigurationPlatforms) = preSolution
		Debug|Any CPU = Debug|Any CPU
		Release|Any CPU = Release|Any CPU
	EndGlobalSection
	GlobalSection(ProjectConfigurationPlatforms) = postSolution
		{A737F358-C317-4B38-AF7C-2A79A73BCC38}.Debug|Any CPU.ActiveCfg = Debug|Any CPU
		{A737F358-C317-4B38-AF7C-2A79A73BCC38}.Debug|Any CPU.Build.0 = Debug|Any CPU
		{A737F358-C317-4B38-AF7C-2A79A73BCC38}.Release|Any CPU.ActiveCfg = Release|Any CPU
		{A737F358-C317-4B38-AF7C-2A79A73BCC38}.Release|Any CPU.Build.0 = Release|Any CPU
		{FD74A1A7-F0E1-40D3-95E8-8461F802ECA0}.Debug|Any CPU.ActiveCfg = Debug|Any CPU
		{FD74A1A7-F0E1-40D3-95E8-8461F802ECA0}.Debug|Any CPU.Build.0 = Debug|Any CPU
		{FD74A1A7-F0E1-40D3-95E8-8461F802ECA0}.Release|Any CPU.ActiveCfg = Release|Any CPU
		{FD74A1A7-F0E1-40D3-95E8-8461F802ECA0}.Release|Any CPU.Build.0 = Release|Any CPU
		{7347EAF5-FDF0-4045-9AE3-559A497032FE}.Debug|Any CPU.ActiveCfg = Debug|Any CPU
		{7347EAF5-FDF0-4045-9AE3-559A497032FE}.Debug|Any CPU.Build.0 = Debug|Any CPU
		{7347EAF5-FDF0-4045-9AE3-559A497032FE}.Release|Any CPU.ActiveCfg = Release|Any CPU
		{7347EAF5-FDF0-4045-9AE3-559A497032FE}.Release|Any CPU.Build.0 = Release|Any CPU
		{9B4F6D9C-6A0B-4F63-BA63-015578E0C5C6}.Debug|Any CPU.ActiveCfg = Debug|Any CPU
		{9B4F6D9C-6A0B-4F63-BA63-015578E0C5C6}.Debug|Any CPU.Build.0 = Debug|Any CPU
		{9B4F6D9C-6A0B-4F63-BA63-015578E0C5C6}.Release|Any CPU.ActiveCfg = Release|Any CPU
		{9B4F6D9C-6A0B-4F63-BA63-015578E0C5C6}.Release|Any CPU.Build.0 = Release|Any CPU
		{6B4FB476-E701-47D5-974B-DD2D5D84F1EA}.Debug|Any CPU.ActiveCfg = Debug|Any CPU
		{6B4FB476-E701-47D5-974B-DD2D5D84F1EA}.Debug|Any CPU.Build.0 = Debug|Any CPU
		{6B4FB476-E701-47D5-974B-DD2D5D84F1EA}.Release|Any CPU.ActiveCfg = Release|Any CPU
		{6B4FB476-E701-47D5-974B-DD2D5D84F1EA}.Release|Any CPU.Build.0 = Release|Any CPU
		{14FC5D1D-D908-4816-BE27-E4723EF4BF04}.Debug|Any CPU.ActiveCfg = Debug|Any CPU
		{14FC5D1D-D908-4816-BE27-E4723EF4BF04}.Debug|Any CPU.Build.0 = Debug|Any CPU
		{14FC5D1D-D908-4816-BE27-E4723EF4BF04}.Release|Any CPU.ActiveCfg = Release|Any CPU
		{14FC5D1D-D908-4816-BE27-E4723EF4BF04}.Release|Any CPU.Build.0 = Release|Any CPU
		{BFBAB7E9-4BD7-421D-8127-E7C648EE7D86}.Debug|Any CPU.ActiveCfg = Debug|Any CPU
		{BFBAB7E9-4BD7-421D-8127-E7C648EE7D86}.Debug|Any CPU.Build.0 = Debug|Any CPU
		{BFBAB7E9-4BD7-421D-8127-E7C648EE7D86}.Release|Any CPU.ActiveCfg = Release|Any CPU
		{BFBAB7E9-4BD7-421D-8127-E7C648EE7D86}.Release|Any CPU.Build.0 = Release|Any CPU
	EndGlobalSection
	GlobalSection(SolutionProperties) = preSolution
		HideSolutionNode = FALSE
	EndGlobalSection
	GlobalSection(ExtensibilityGlobals) = postSolution
		SolutionGuid = {5686EF87-D7B6-4099-A0AA-05A15BE5C50B}
	EndGlobalSection
EndGlobal
