
Microsoft Visual Studio Solution File, Format Version 12.00
# Visual Studio Version 17
VisualStudioVersion = 17.0.32112.339
MinimumVisualStudioVersion = 10.0.40219.1
Project("{9A19103F-16F7-4668-BE54-9A1E7A4F7556}") = "Ex01.Masterchef", "Ex01.Masterchef\Ex01.Masterchef.csproj", "{0CB3D0F6-9FE9-4B14-8A0D-4BA9B3F8A99D}"
EndProject
Project("{9A19103F-16F7-4668-BE54-9A1E7A4F7556}") = "Ex02.Survivor", "Ex02.Survivor\Ex02.Survivor.csproj", "{6636CED8-CA4B-4474-9799-7EA45CDDD4E8}"
EndProject
Project("{9A19103F-16F7-4668-BE54-9A1E7A4F7556}") = "Ex03.SkiRental", "Ex03. Ski Rental\Ex03.SkiRental.csproj", "{8C03A965-6334-4AC6-AA5D-00D81E175508}"
EndProject
Global
	GlobalSection(SolutionConfigurationPlatforms) = preSolution
		Debug|Any CPU = Debug|Any CPU
		Release|Any CPU = Release|Any CPU
	EndGlobalSection
	GlobalSection(ProjectConfigurationPlatforms) = postSolution
		{0CB3D0F6-9FE9-4B14-8A0D-4BA9B3F8A99D}.Debug|Any CPU.ActiveCfg = Debug|Any CPU
		{0CB3D0F6-9FE9-4B14-8A0D-4BA9B3F8A99D}.Debug|Any CPU.Build.0 = Debug|Any CPU
		{0CB3D0F6-9FE9-4B14-8A0D-4BA9B3F8A99D}.Release|Any CPU.ActiveCfg = Release|Any CPU
		{0CB3D0F6-9FE9-4B14-8A0D-4BA9B3F8A99D}.Release|Any CPU.Build.0 = Release|Any CPU
		{6636CED8-CA4B-4474-9799-7EA45CDDD4E8}.Debug|Any CPU.ActiveCfg = Debug|Any CPU
		{6636CED8-CA4B-4474-9799-7EA45CDDD4E8}.Debug|Any CPU.Build.0 = Debug|Any CPU
		{6636CED8-CA4B-4474-9799-7EA45CDDD4E8}.Release|Any CPU.ActiveCfg = Release|Any CPU
		{6636CED8-CA4B-4474-9799-7EA45CDDD4E8}.Release|Any CPU.Build.0 = Release|Any CPU
		{8C03A965-6334-4AC6-AA5D-00D81E175508}.Debug|Any CPU.ActiveCfg = Debug|Any CPU
		{8C03A965-6334-4AC6-AA5D-00D81E175508}.Debug|Any CPU.Build.0 = Debug|Any CPU
		{8C03A965-6334-4AC6-AA5D-00D81E175508}.Release|Any CPU.ActiveCfg = Release|Any CPU
		{8C03A965-6334-4AC6-AA5D-00D81E175508}.Release|Any CPU.Build.0 = Release|Any CPU
	EndGlobalSection
	GlobalSection(SolutionProperties) = preSolution
		HideSolutionNode = FALSE
	EndGlobalSection
	GlobalSection(ExtensibilityGlobals) = postSolution
		SolutionGuid = {056ABAC3-76DC-4CF4-9BA7-D381254C418A}
	EndGlobalSection
EndGlobal
