
Microsoft Visual Studio Solution File, Format Version 12.00
# Visual Studio Version 17
VisualStudioVersion = 17.0.32112.339
MinimumVisualStudioVersion = 10.0.40219.1
Project("{FAE04EC0-301F-11D3-BF4B-00C04F79EFBC}") = "01. Flower Wreaths", "01. Flower Wreaths\01. Flower Wreaths.csproj", "{8551BC0C-C08F-462B-BAA7-DE8B14FACCFA}"
EndProject
Project("{FAE04EC0-301F-11D3-BF4B-00C04F79EFBC}") = "02. Bee", "02. Bee\02. Bee.csproj", "{A7CBBB9A-8C38-4FEA-AA63-00F1200BCA3F}"
EndProject
Project("{FAE04EC0-301F-11D3-BF4B-00C04F79EFBC}") = "VetClinic", "VetClinic\VetClinic.csproj", "{BCA2B0FC-C72A-49CE-92D1-947B6CF51D75}"
EndProject
Global
	GlobalSection(SolutionConfigurationPlatforms) = preSolution
		Debug|Any CPU = Debug|Any CPU
		Release|Any CPU = Release|Any CPU
	EndGlobalSection
	GlobalSection(ProjectConfigurationPlatforms) = postSolution
		{8551BC0C-C08F-462B-BAA7-DE8B14FACCFA}.Debug|Any CPU.ActiveCfg = Debug|Any CPU
		{8551BC0C-C08F-462B-BAA7-DE8B14FACCFA}.Debug|Any CPU.Build.0 = Debug|Any CPU
		{8551BC0C-C08F-462B-BAA7-DE8B14FACCFA}.Release|Any CPU.ActiveCfg = Release|Any CPU
		{8551BC0C-C08F-462B-BAA7-DE8B14FACCFA}.Release|Any CPU.Build.0 = Release|Any CPU
		{A7CBBB9A-8C38-4FEA-AA63-00F1200BCA3F}.Debug|Any CPU.ActiveCfg = Debug|Any CPU
		{A7CBBB9A-8C38-4FEA-AA63-00F1200BCA3F}.Debug|Any CPU.Build.0 = Debug|Any CPU
		{A7CBBB9A-8C38-4FEA-AA63-00F1200BCA3F}.Release|Any CPU.ActiveCfg = Release|Any CPU
		{A7CBBB9A-8C38-4FEA-AA63-00F1200BCA3F}.Release|Any CPU.Build.0 = Release|Any CPU
		{BCA2B0FC-C72A-49CE-92D1-947B6CF51D75}.Debug|Any CPU.ActiveCfg = Debug|Any CPU
		{BCA2B0FC-C72A-49CE-92D1-947B6CF51D75}.Debug|Any CPU.Build.0 = Debug|Any CPU
		{BCA2B0FC-C72A-49CE-92D1-947B6CF51D75}.Release|Any CPU.ActiveCfg = Release|Any CPU
		{BCA2B0FC-C72A-49CE-92D1-947B6CF51D75}.Release|Any CPU.Build.0 = Release|Any CPU
	EndGlobalSection
	GlobalSection(SolutionProperties) = preSolution
		HideSolutionNode = FALSE
	EndGlobalSection
	GlobalSection(ExtensibilityGlobals) = postSolution
		SolutionGuid = {D351331A-297F-4EDD-B320-249F7BD4CF8A}
	EndGlobalSection
EndGlobal
