
Microsoft Visual Studio Solution File, Format Version 12.00
# Visual Studio Version 17
VisualStudioVersion = 17.0.32112.339
MinimumVisualStudioVersion = 10.0.40219.1
Project("{9A19103F-16F7-4668-BE54-9A1E7A4F7556}") = "Database", "Database\Database.csproj", "{92A2631F-FAF1-44A4-BE58-C1300980A1C2}"
EndProject
Project("{9A19103F-16F7-4668-BE54-9A1E7A4F7556}") = "ExtendedDatabase", "ExtendedDatabase\ExtendedDatabase.csproj", "{D3BF3262-BAA8-4105-8EBF-352BFD036163}"
EndProject
Project("{9A19103F-16F7-4668-BE54-9A1E7A4F7556}") = "CarManager", "CarManager\CarManager.csproj", "{51C94E3E-3445-4FEC-AC67-2FCA58EA7952}"
EndProject
Project("{9A19103F-16F7-4668-BE54-9A1E7A4F7556}") = "FightingArena", "FightingArena\FightingArena.csproj", "{2D039515-BCBA-415D-9687-CE11415B4A11}"
EndProject
Project("{FAE04EC0-301F-11D3-BF4B-00C04F79EFBC}") = "CarManager.Tests", "CarManager.Tests\CarManager.Tests.csproj", "{33594DE7-4225-4F58-A525-E05827B2DEAF}"
EndProject
Project("{FAE04EC0-301F-11D3-BF4B-00C04F79EFBC}") = "Datebase.Tests", "Datebase.Tests\Datebase.Tests.csproj", "{CF3497B3-C6D9-4857-96E0-8099AE5735F7}"
EndProject
Project("{FAE04EC0-301F-11D3-BF4B-00C04F79EFBC}") = "DatebaseExtended.Tests", "DatebaseExtended.Tests\DatebaseExtended.Tests.csproj", "{F5C8AC8B-6AC8-435E-8170-40D67DC6B86F}"
EndProject
Project("{FAE04EC0-301F-11D3-BF4B-00C04F79EFBC}") = "FightingArena.Tests", "FightingArena.Tests\FightingArena.Tests.csproj", "{82814045-C5EA-49EC-8A6A-B223C68D2CA4}"
EndProject
Global
	GlobalSection(SolutionConfigurationPlatforms) = preSolution
		Debug|Any CPU = Debug|Any CPU
		Release|Any CPU = Release|Any CPU
	EndGlobalSection
	GlobalSection(ProjectConfigurationPlatforms) = postSolution
		{92A2631F-FAF1-44A4-BE58-C1300980A1C2}.Debug|Any CPU.ActiveCfg = Debug|Any CPU
		{92A2631F-FAF1-44A4-BE58-C1300980A1C2}.Debug|Any CPU.Build.0 = Debug|Any CPU
		{92A2631F-FAF1-44A4-BE58-C1300980A1C2}.Release|Any CPU.ActiveCfg = Release|Any CPU
		{92A2631F-FAF1-44A4-BE58-C1300980A1C2}.Release|Any CPU.Build.0 = Release|Any CPU
		{D3BF3262-BAA8-4105-8EBF-352BFD036163}.Debug|Any CPU.ActiveCfg = Debug|Any CPU
		{D3BF3262-BAA8-4105-8EBF-352BFD036163}.Debug|Any CPU.Build.0 = Debug|Any CPU
		{D3BF3262-BAA8-4105-8EBF-352BFD036163}.Release|Any CPU.ActiveCfg = Release|Any CPU
		{D3BF3262-BAA8-4105-8EBF-352BFD036163}.Release|Any CPU.Build.0 = Release|Any CPU
		{51C94E3E-3445-4FEC-AC67-2FCA58EA7952}.Debug|Any CPU.ActiveCfg = Debug|Any CPU
		{51C94E3E-3445-4FEC-AC67-2FCA58EA7952}.Debug|Any CPU.Build.0 = Debug|Any CPU
		{51C94E3E-3445-4FEC-AC67-2FCA58EA7952}.Release|Any CPU.ActiveCfg = Release|Any CPU
		{51C94E3E-3445-4FEC-AC67-2FCA58EA7952}.Release|Any CPU.Build.0 = Release|Any CPU
		{2D039515-BCBA-415D-9687-CE11415B4A11}.Debug|Any CPU.ActiveCfg = Debug|Any CPU
		{2D039515-BCBA-415D-9687-CE11415B4A11}.Debug|Any CPU.Build.0 = Debug|Any CPU
		{2D039515-BCBA-415D-9687-CE11415B4A11}.Release|Any CPU.ActiveCfg = Release|Any CPU
		{2D039515-BCBA-415D-9687-CE11415B4A11}.Release|Any CPU.Build.0 = Release|Any CPU
		{33594DE7-4225-4F58-A525-E05827B2DEAF}.Debug|Any CPU.ActiveCfg = Debug|Any CPU
		{33594DE7-4225-4F58-A525-E05827B2DEAF}.Debug|Any CPU.Build.0 = Debug|Any CPU
		{33594DE7-4225-4F58-A525-E05827B2DEAF}.Release|Any CPU.ActiveCfg = Release|Any CPU
		{33594DE7-4225-4F58-A525-E05827B2DEAF}.Release|Any CPU.Build.0 = Release|Any CPU
		{CF3497B3-C6D9-4857-96E0-8099AE5735F7}.Debug|Any CPU.ActiveCfg = Debug|Any CPU
		{CF3497B3-C6D9-4857-96E0-8099AE5735F7}.Debug|Any CPU.Build.0 = Debug|Any CPU
		{CF3497B3-C6D9-4857-96E0-8099AE5735F7}.Release|Any CPU.ActiveCfg = Release|Any CPU
		{CF3497B3-C6D9-4857-96E0-8099AE5735F7}.Release|Any CPU.Build.0 = Release|Any CPU
		{F5C8AC8B-6AC8-435E-8170-40D67DC6B86F}.Debug|Any CPU.ActiveCfg = Debug|Any CPU
		{F5C8AC8B-6AC8-435E-8170-40D67DC6B86F}.Debug|Any CPU.Build.0 = Debug|Any CPU
		{F5C8AC8B-6AC8-435E-8170-40D67DC6B86F}.Release|Any CPU.ActiveCfg = Release|Any CPU
		{F5C8AC8B-6AC8-435E-8170-40D67DC6B86F}.Release|Any CPU.Build.0 = Release|Any CPU
		{82814045-C5EA-49EC-8A6A-B223C68D2CA4}.Debug|Any CPU.ActiveCfg = Debug|Any CPU
		{82814045-C5EA-49EC-8A6A-B223C68D2CA4}.Debug|Any CPU.Build.0 = Debug|Any CPU
		{82814045-C5EA-49EC-8A6A-B223C68D2CA4}.Release|Any CPU.ActiveCfg = Release|Any CPU
		{82814045-C5EA-49EC-8A6A-B223C68D2CA4}.Release|Any CPU.Build.0 = Release|Any CPU
	EndGlobalSection
	GlobalSection(SolutionProperties) = preSolution
		HideSolutionNode = FALSE
	EndGlobalSection
	GlobalSection(ExtensibilityGlobals) = postSolution
		SolutionGuid = {95B3F23E-2C66-43B0-B3AA-A596C561606E}
	EndGlobalSection
EndGlobal
