
Microsoft Visual Studio Solution File, Format Version 12.00
# Visual Studio Version 17
VisualStudioVersion = 17.0.32112.339
MinimumVisualStudioVersion = 10.0.40219.1
Project("{9A19103F-16F7-4668-BE54-9A1E7A4F7556}") = "E01. Square Root", "E01. Square Root\E01. Square Root.csproj", "{90CC7BDA-6291-41FE-B22B-1A4739279024}"
EndProject
Project("{9A19103F-16F7-4668-BE54-9A1E7A4F7556}") = "E02. Enter Numbers", "E02. Enter Numbers\E02. Enter Numbers.csproj", "{04F6F5AB-5681-469A-93DF-AFA5CB48666F}"
EndProject
Project("{FAE04EC0-301F-11D3-BF4B-00C04F79EFBC}") = "E03.Cards", "03.Cards\E03.Cards.csproj", "{DAF90085-B3F1-4C7A-BE86-5375D934046E}"
EndProject
Project("{FAE04EC0-301F-11D3-BF4B-00C04F79EFBC}") = "E04.Sum of Integers", "E04.Sum of Integers\E04.Sum of Integers.csproj", "{8783D21F-5543-4A44-8FEF-D2184965990B}"
EndProject
Project("{FAE04EC0-301F-11D3-BF4B-00C04F79EFBC}") = "E05.Play Catch", "E05.Play Catch\E05.Play Catch.csproj", "{EC094102-1D81-4289-8F98-9D0E0C534CE2}"
EndProject
Project("{FAE04EC0-301F-11D3-BF4B-00C04F79EFBC}") = "E06.Money Transactions", "E06.Money Transactions\E06.Money Transactions.csproj", "{337B0A87-251B-4EAE-B769-4E2D83DA116C}"
EndProject
Global
	GlobalSection(SolutionConfigurationPlatforms) = preSolution
		Debug|Any CPU = Debug|Any CPU
		Release|Any CPU = Release|Any CPU
	EndGlobalSection
	GlobalSection(ProjectConfigurationPlatforms) = postSolution
		{90CC7BDA-6291-41FE-B22B-1A4739279024}.Debug|Any CPU.ActiveCfg = Debug|Any CPU
		{90CC7BDA-6291-41FE-B22B-1A4739279024}.Debug|Any CPU.Build.0 = Debug|Any CPU
		{90CC7BDA-6291-41FE-B22B-1A4739279024}.Release|Any CPU.ActiveCfg = Release|Any CPU
		{90CC7BDA-6291-41FE-B22B-1A4739279024}.Release|Any CPU.Build.0 = Release|Any CPU
		{04F6F5AB-5681-469A-93DF-AFA5CB48666F}.Debug|Any CPU.ActiveCfg = Debug|Any CPU
		{04F6F5AB-5681-469A-93DF-AFA5CB48666F}.Debug|Any CPU.Build.0 = Debug|Any CPU
		{04F6F5AB-5681-469A-93DF-AFA5CB48666F}.Release|Any CPU.ActiveCfg = Release|Any CPU
		{04F6F5AB-5681-469A-93DF-AFA5CB48666F}.Release|Any CPU.Build.0 = Release|Any CPU
		{DAF90085-B3F1-4C7A-BE86-5375D934046E}.Debug|Any CPU.ActiveCfg = Debug|Any CPU
		{DAF90085-B3F1-4C7A-BE86-5375D934046E}.Debug|Any CPU.Build.0 = Debug|Any CPU
		{DAF90085-B3F1-4C7A-BE86-5375D934046E}.Release|Any CPU.ActiveCfg = Release|Any CPU
		{DAF90085-B3F1-4C7A-BE86-5375D934046E}.Release|Any CPU.Build.0 = Release|Any CPU
		{8783D21F-5543-4A44-8FEF-D2184965990B}.Debug|Any CPU.ActiveCfg = Debug|Any CPU
		{8783D21F-5543-4A44-8FEF-D2184965990B}.Debug|Any CPU.Build.0 = Debug|Any CPU
		{8783D21F-5543-4A44-8FEF-D2184965990B}.Release|Any CPU.ActiveCfg = Release|Any CPU
		{8783D21F-5543-4A44-8FEF-D2184965990B}.Release|Any CPU.Build.0 = Release|Any CPU
		{EC094102-1D81-4289-8F98-9D0E0C534CE2}.Debug|Any CPU.ActiveCfg = Debug|Any CPU
		{EC094102-1D81-4289-8F98-9D0E0C534CE2}.Debug|Any CPU.Build.0 = Debug|Any CPU
		{EC094102-1D81-4289-8F98-9D0E0C534CE2}.Release|Any CPU.ActiveCfg = Release|Any CPU
		{EC094102-1D81-4289-8F98-9D0E0C534CE2}.Release|Any CPU.Build.0 = Release|Any CPU
		{337B0A87-251B-4EAE-B769-4E2D83DA116C}.Debug|Any CPU.ActiveCfg = Debug|Any CPU
		{337B0A87-251B-4EAE-B769-4E2D83DA116C}.Debug|Any CPU.Build.0 = Debug|Any CPU
		{337B0A87-251B-4EAE-B769-4E2D83DA116C}.Release|Any CPU.ActiveCfg = Release|Any CPU
		{337B0A87-251B-4EAE-B769-4E2D83DA116C}.Release|Any CPU.Build.0 = Release|Any CPU
	EndGlobalSection
	GlobalSection(SolutionProperties) = preSolution
		HideSolutionNode = FALSE
	EndGlobalSection
	GlobalSection(ExtensibilityGlobals) = postSolution
		SolutionGuid = {FCCBABC4-F9CA-4317-990D-9CF59CAB5A1D}
	EndGlobalSection
EndGlobal
