
Microsoft Visual Studio Solution File, Format Version 12.00
# Visual Studio Version 17
VisualStudioVersion = 17.0.32112.339
MinimumVisualStudioVersion = 10.0.40219.1
Project("{FAE04EC0-301F-11D3-BF4B-00C04F79EFBC}") = "L01. Sort Even Numbers", "L01. Sort Even Numbers\L01. Sort Even Numbers.csproj", "{723C4DC8-DB3E-4F22-8E6F-BC8F8E621A19}"
EndProject
Project("{FAE04EC0-301F-11D3-BF4B-00C04F79EFBC}") = "L02. Sum Numbers", "L02. Sum Numbers\L02. Sum Numbers.csproj", "{13397C8B-78B8-4890-A288-65D97053A6AC}"
EndProject
Project("{FAE04EC0-301F-11D3-BF4B-00C04F79EFBC}") = "L03. Count Uppercase Words", "L03. Count Uppercase Words\L03. Count Uppercase Words.csproj", "{03276A70-9780-4616-8B34-4A06B65252A8}"
EndProject
Project("{FAE04EC0-301F-11D3-BF4B-00C04F79EFBC}") = "L04. Add VAT", "L04. Add VAT\L04. Add VAT.csproj", "{45A1938F-6184-4136-88C1-C1A7816DC3B3}"
EndProject
Project("{FAE04EC0-301F-11D3-BF4B-00C04F79EFBC}") = "L05. Filter By Age", "L05. Filter By Age\L05. Filter By Age.csproj", "{D95D2CD0-47F5-4373-B11E-C91EFA5AB8C7}"
EndProject
Global
	GlobalSection(SolutionConfigurationPlatforms) = preSolution
		Debug|Any CPU = Debug|Any CPU
		Release|Any CPU = Release|Any CPU
	EndGlobalSection
	GlobalSection(ProjectConfigurationPlatforms) = postSolution
		{723C4DC8-DB3E-4F22-8E6F-BC8F8E621A19}.Debug|Any CPU.ActiveCfg = Debug|Any CPU
		{723C4DC8-DB3E-4F22-8E6F-BC8F8E621A19}.Debug|Any CPU.Build.0 = Debug|Any CPU
		{723C4DC8-DB3E-4F22-8E6F-BC8F8E621A19}.Release|Any CPU.ActiveCfg = Release|Any CPU
		{723C4DC8-DB3E-4F22-8E6F-BC8F8E621A19}.Release|Any CPU.Build.0 = Release|Any CPU
		{13397C8B-78B8-4890-A288-65D97053A6AC}.Debug|Any CPU.ActiveCfg = Debug|Any CPU
		{13397C8B-78B8-4890-A288-65D97053A6AC}.Debug|Any CPU.Build.0 = Debug|Any CPU
		{13397C8B-78B8-4890-A288-65D97053A6AC}.Release|Any CPU.ActiveCfg = Release|Any CPU
		{13397C8B-78B8-4890-A288-65D97053A6AC}.Release|Any CPU.Build.0 = Release|Any CPU
		{03276A70-9780-4616-8B34-4A06B65252A8}.Debug|Any CPU.ActiveCfg = Debug|Any CPU
		{03276A70-9780-4616-8B34-4A06B65252A8}.Debug|Any CPU.Build.0 = Debug|Any CPU
		{03276A70-9780-4616-8B34-4A06B65252A8}.Release|Any CPU.ActiveCfg = Release|Any CPU
		{03276A70-9780-4616-8B34-4A06B65252A8}.Release|Any CPU.Build.0 = Release|Any CPU
		{45A1938F-6184-4136-88C1-C1A7816DC3B3}.Debug|Any CPU.ActiveCfg = Debug|Any CPU
		{45A1938F-6184-4136-88C1-C1A7816DC3B3}.Debug|Any CPU.Build.0 = Debug|Any CPU
		{45A1938F-6184-4136-88C1-C1A7816DC3B3}.Release|Any CPU.ActiveCfg = Release|Any CPU
		{45A1938F-6184-4136-88C1-C1A7816DC3B3}.Release|Any CPU.Build.0 = Release|Any CPU
		{D95D2CD0-47F5-4373-B11E-C91EFA5AB8C7}.Debug|Any CPU.ActiveCfg = Debug|Any CPU
		{D95D2CD0-47F5-4373-B11E-C91EFA5AB8C7}.Debug|Any CPU.Build.0 = Debug|Any CPU
		{D95D2CD0-47F5-4373-B11E-C91EFA5AB8C7}.Release|Any CPU.ActiveCfg = Release|Any CPU
		{D95D2CD0-47F5-4373-B11E-C91EFA5AB8C7}.Release|Any CPU.Build.0 = Release|Any CPU
	EndGlobalSection
	GlobalSection(SolutionProperties) = preSolution
		HideSolutionNode = FALSE
	EndGlobalSection
	GlobalSection(ExtensibilityGlobals) = postSolution
		SolutionGuid = {6E1EEAEC-0ABE-4DB1-869A-7F3AD4C31136}
	EndGlobalSection
EndGlobal
