
Microsoft Visual Studio Solution File, Format Version 12.00
# Visual Studio Version 17
VisualStudioVersion = 17.0.32112.339
MinimumVisualStudioVersion = 10.0.40219.1
Project("{FAE04EC0-301F-11D3-BF4B-00C04F79EFBC}") = "Custom Doubly Linked List", "Custom Doubly Linked List\Custom Doubly Linked List.csproj", "{5A620C06-D022-48E4-9F13-5655616385B5}"
EndProject
Global
	GlobalSection(SolutionConfigurationPlatforms) = preSolution
		Debug|Any CPU = Debug|Any CPU
		Release|Any CPU = Release|Any CPU
	EndGlobalSection
	GlobalSection(ProjectConfigurationPlatforms) = postSolution
		{5A620C06-D022-48E4-9F13-5655616385B5}.Debug|Any CPU.ActiveCfg = Debug|Any CPU
		{5A620C06-D022-48E4-9F13-5655616385B5}.Debug|Any CPU.Build.0 = Debug|Any CPU
		{5A620C06-D022-48E4-9F13-5655616385B5}.Release|Any CPU.ActiveCfg = Release|Any CPU
		{5A620C06-D022-48E4-9F13-5655616385B5}.Release|Any CPU.Build.0 = Release|Any CPU
	EndGlobalSection
	GlobalSection(SolutionProperties) = preSolution
		HideSolutionNode = FALSE
	EndGlobalSection
	GlobalSection(ExtensibilityGlobals) = postSolution
		SolutionGuid = {F5737C98-B36B-41D0-972A-4CF85D4950B4}
	EndGlobalSection
EndGlobal
