
Microsoft Visual Studio Solution File, Format Version 12.00
# Visual Studio Version 17
VisualStudioVersion = 17.0.32112.339
MinimumVisualStudioVersion = 10.0.40219.1
Project("{FAE04EC0-301F-11D3-BF4B-00C04F79EFBC}") = "L01. Sum Matrix Elements", "L01. Sum Matrix Elements\L01. Sum Matrix Elements.csproj", "{B872AEF9-1355-431B-AC86-01B0939CCD56}"
EndProject
Project("{FAE04EC0-301F-11D3-BF4B-00C04F79EFBC}") = "L02. Sum Matrix Columns", "L02. Sum Matrix Columns\L02. Sum Matrix Columns.csproj", "{0A63E9B0-1171-4E79-A8CB-C53A5BF98BC1}"
EndProject
Project("{FAE04EC0-301F-11D3-BF4B-00C04F79EFBC}") = "L03. Primary Diagonal", "L03. Primary Diagonal\L03. Primary Diagonal.csproj", "{32733DD9-FE55-4F94-BCC9-3E35DA1C1295}"
EndProject
Project("{FAE04EC0-301F-11D3-BF4B-00C04F79EFBC}") = "L04. Symbol in Matrix", "L04. Symbol in Matrix\L04. Symbol in Matrix.csproj", "{29489A19-2741-44B6-9F92-1F219C37CFEB}"
EndProject
Project("{FAE04EC0-301F-11D3-BF4B-00C04F79EFBC}") = "L05. Square With Maximum Sum", "L05. Square With Maximum Sum\L05. Square With Maximum Sum.csproj", "{81971971-21E1-4BBA-BD67-C8A95D5109F2}"
EndProject
Project("{FAE04EC0-301F-11D3-BF4B-00C04F79EFBC}") = "L06. Jagged-Array Modification", "L06. Jagged-Array Modification\L06. Jagged-Array Modification.csproj", "{B0D4356F-2A1B-4B84-8A9C-2B79F00569F2}"
EndProject
Project("{FAE04EC0-301F-11D3-BF4B-00C04F79EFBC}") = "L07. Pascal Triangle", "L07. Pascal Triangle\L07. Pascal Triangle.csproj", "{63A442B3-E6A1-40C3-9B78-81750BE83E96}"
EndProject
Global
	GlobalSection(SolutionConfigurationPlatforms) = preSolution
		Debug|Any CPU = Debug|Any CPU
		Release|Any CPU = Release|Any CPU
	EndGlobalSection
	GlobalSection(ProjectConfigurationPlatforms) = postSolution
		{B872AEF9-1355-431B-AC86-01B0939CCD56}.Debug|Any CPU.ActiveCfg = Debug|Any CPU
		{B872AEF9-1355-431B-AC86-01B0939CCD56}.Debug|Any CPU.Build.0 = Debug|Any CPU
		{B872AEF9-1355-431B-AC86-01B0939CCD56}.Release|Any CPU.ActiveCfg = Release|Any CPU
		{B872AEF9-1355-431B-AC86-01B0939CCD56}.Release|Any CPU.Build.0 = Release|Any CPU
		{0A63E9B0-1171-4E79-A8CB-C53A5BF98BC1}.Debug|Any CPU.ActiveCfg = Debug|Any CPU
		{0A63E9B0-1171-4E79-A8CB-C53A5BF98BC1}.Debug|Any CPU.Build.0 = Debug|Any CPU
		{0A63E9B0-1171-4E79-A8CB-C53A5BF98BC1}.Release|Any CPU.ActiveCfg = Release|Any CPU
		{0A63E9B0-1171-4E79-A8CB-C53A5BF98BC1}.Release|Any CPU.Build.0 = Release|Any CPU
		{32733DD9-FE55-4F94-BCC9-3E35DA1C1295}.Debug|Any CPU.ActiveCfg = Debug|Any CPU
		{32733DD9-FE55-4F94-BCC9-3E35DA1C1295}.Debug|Any CPU.Build.0 = Debug|Any CPU
		{32733DD9-FE55-4F94-BCC9-3E35DA1C1295}.Release|Any CPU.ActiveCfg = Release|Any CPU
		{32733DD9-FE55-4F94-BCC9-3E35DA1C1295}.Release|Any CPU.Build.0 = Release|Any CPU
		{29489A19-2741-44B6-9F92-1F219C37CFEB}.Debug|Any CPU.ActiveCfg = Debug|Any CPU
		{29489A19-2741-44B6-9F92-1F219C37CFEB}.Debug|Any CPU.Build.0 = Debug|Any CPU
		{29489A19-2741-44B6-9F92-1F219C37CFEB}.Release|Any CPU.ActiveCfg = Release|Any CPU
		{29489A19-2741-44B6-9F92-1F219C37CFEB}.Release|Any CPU.Build.0 = Release|Any CPU
		{81971971-21E1-4BBA-BD67-C8A95D5109F2}.Debug|Any CPU.ActiveCfg = Debug|Any CPU
		{81971971-21E1-4BBA-BD67-C8A95D5109F2}.Debug|Any CPU.Build.0 = Debug|Any CPU
		{81971971-21E1-4BBA-BD67-C8A95D5109F2}.Release|Any CPU.ActiveCfg = Release|Any CPU
		{81971971-21E1-4BBA-BD67-C8A95D5109F2}.Release|Any CPU.Build.0 = Release|Any CPU
		{B0D4356F-2A1B-4B84-8A9C-2B79F00569F2}.Debug|Any CPU.ActiveCfg = Debug|Any CPU
		{B0D4356F-2A1B-4B84-8A9C-2B79F00569F2}.Debug|Any CPU.Build.0 = Debug|Any CPU
		{B0D4356F-2A1B-4B84-8A9C-2B79F00569F2}.Release|Any CPU.ActiveCfg = Release|Any CPU
		{B0D4356F-2A1B-4B84-8A9C-2B79F00569F2}.Release|Any CPU.Build.0 = Release|Any CPU
		{63A442B3-E6A1-40C3-9B78-81750BE83E96}.Debug|Any CPU.ActiveCfg = Debug|Any CPU
		{63A442B3-E6A1-40C3-9B78-81750BE83E96}.Debug|Any CPU.Build.0 = Debug|Any CPU
		{63A442B3-E6A1-40C3-9B78-81750BE83E96}.Release|Any CPU.ActiveCfg = Release|Any CPU
		{63A442B3-E6A1-40C3-9B78-81750BE83E96}.Release|Any CPU.Build.0 = Release|Any CPU
	EndGlobalSection
	GlobalSection(SolutionProperties) = preSolution
		HideSolutionNode = FALSE
	EndGlobalSection
	GlobalSection(ExtensibilityGlobals) = postSolution
		SolutionGuid = {3ED0C870-D9DB-4BE1-868C-98E0D04A9FBB}
	EndGlobalSection
EndGlobal
